// !$*UTF8*$!
{
	archiveVersion = 1;
	classes = {
	};
	objectVersion = 55;
	objects = {

/* Begin PBXBuildFile section */
		216A9CC128BDD958007881FE /* BenefitViewModel.swift in Sources */ = {isa = PBXBuildFile; fileRef = 216A9CC028BDD958007881FE /* BenefitViewModel.swift */; };
		216F217F28B6141E00DAA66D /* MyNTORewardsApp.swift in Sources */ = {isa = PBXBuildFile; fileRef = 216F217E28B6141E00DAA66D /* MyNTORewardsApp.swift */; };
		216F218628B6141F00DAA66D /* Preview Assets.xcassets in Resources */ = {isa = PBXBuildFile; fileRef = 216F218528B6141F00DAA66D /* Preview Assets.xcassets */; };
		216F218D28B6145200DAA66D /* GoogleService-Info.plist in Resources */ = {isa = PBXBuildFile; fileRef = 216F218C28B6145200DAA66D /* GoogleService-Info.plist */; };
		216F218F28B6148800DAA66D /* AppViewRouter.swift in Sources */ = {isa = PBXBuildFile; fileRef = 216F218E28B6148800DAA66D /* AppViewRouter.swift */; };
		216F219528B6188600DAA66D /* AppRootView.swift in Sources */ = {isa = PBXBuildFile; fileRef = 216F219428B6188600DAA66D /* AppRootView.swift */; };
		216F219728B618AD00DAA66D /* SignUpView.swift in Sources */ = {isa = PBXBuildFile; fileRef = 216F219628B618AD00DAA66D /* SignUpView.swift */; };
		216F219928B618BB00DAA66D /* SignInView.swift in Sources */ = {isa = PBXBuildFile; fileRef = 216F219828B618BB00DAA66D /* SignInView.swift */; };
		216F219B28B618C700DAA66D /* HomeView.swift in Sources */ = {isa = PBXBuildFile; fileRef = 216F219A28B618C700DAA66D /* HomeView.swift */; };
		218A36A828B85B7900FCEE39 /* Assets.xcassets in Resources */ = {isa = PBXBuildFile; fileRef = 218A36A728B85B7900FCEE39 /* Assets.xcassets */; };
		218A36AA28B85CA500FCEE39 /* BottomNavTabsView.swift in Sources */ = {isa = PBXBuildFile; fileRef = 218A36A928B85CA500FCEE39 /* BottomNavTabsView.swift */; };
		218A36AC28B85D5500FCEE39 /* MyPromotionsView.swift in Sources */ = {isa = PBXBuildFile; fileRef = 218A36AB28B85D5500FCEE39 /* MyPromotionsView.swift */; };
		218A36AE28B85D6000FCEE39 /* FavoriteView.swift in Sources */ = {isa = PBXBuildFile; fileRef = 218A36AD28B85D6000FCEE39 /* FavoriteView.swift */; };
		218A36B028B85D9200FCEE39 /* RedeemView.swift in Sources */ = {isa = PBXBuildFile; fileRef = 218A36AF28B85D9200FCEE39 /* RedeemView.swift */; };
		218A36B228B85DA400FCEE39 /* ProfileView.swift in Sources */ = {isa = PBXBuildFile; fileRef = 218A36B128B85DA400FCEE39 /* ProfileView.swift */; };
		218A36B528B85E4C00FCEE39 /* BenefitView.swift in Sources */ = {isa = PBXBuildFile; fileRef = 218A36B428B85E4C00FCEE39 /* BenefitView.swift */; };
		29053F7D2907452800F84561 /* Assets.swift in Sources */ = {isa = PBXBuildFile; fileRef = 29053F7C2907452800F84561 /* Assets.swift */; };
		2906B1D428FF5031006EAB2D /* MemberModel.swift in Sources */ = {isa = PBXBuildFile; fileRef = 2906B1D328FF5031006EAB2D /* MemberModel.swift */; };
		2906B1D628FF5E88006EAB2D /* FirestoreManager.swift in Sources */ = {isa = PBXBuildFile; fileRef = 2906B1D528FF5E88006EAB2D /* FirestoreManager.swift */; };
		2906B1DB28FF7348006EAB2D /* CheckboxStyle.swift in Sources */ = {isa = PBXBuildFile; fileRef = 2906B1DA28FF7348006EAB2D /* CheckboxStyle.swift */; };
		2906B1E22900BA8A006EAB2D /* FirebaseAuth in Frameworks */ = {isa = PBXBuildFile; productRef = 2906B1E12900BA8A006EAB2D /* FirebaseAuth */; };
		2906B1E6290127F5006EAB2D /* FirebaseFirestore in Frameworks */ = {isa = PBXBuildFile; productRef = 2906B1E5290127F5006EAB2D /* FirebaseFirestore */; };
		2906B1E8290127FD006EAB2D /* FirebaseFirestoreSwift in Frameworks */ = {isa = PBXBuildFile; productRef = 2906B1E7290127FD006EAB2D /* FirebaseFirestoreSwift */; };
		2906B1F12901E1A4006EAB2D /* Vouchers.json in Resources */ = {isa = PBXBuildFile; fileRef = 2906B1F02901E1A4006EAB2D /* Vouchers.json */; };
		2906B1F32901E218006EAB2D /* Promotions.json in Resources */ = {isa = PBXBuildFile; fileRef = 2906B1F22901E218006EAB2D /* Promotions.json */; };
		2906B1F52901E308006EAB2D /* Transactions.json in Resources */ = {isa = PBXBuildFile; fileRef = 2906B1F42901E308006EAB2D /* Transactions.json */; };
		2906B1F72901E3EB006EAB2D /* Benefits.json in Resources */ = {isa = PBXBuildFile; fileRef = 2906B1F62901E3EA006EAB2D /* Benefits.json */; };
		290EA9B92926F1A700BBF2F2 /* Profile.json in Resources */ = {isa = PBXBuildFile; fileRef = 290EA9B82926F1A700BBF2F2 /* Profile.json */; };
		290EA9BD2928ADB700BBF2F2 /* ViewAllView.swift in Sources */ = {isa = PBXBuildFile; fileRef = 290EA9BC2928ADB700BBF2F2 /* ViewAllView.swift */; };
		290EA9C1292C0ACF00BBF2F2 /* VoucherViewModel.swift in Sources */ = {isa = PBXBuildFile; fileRef = 290EA9C0292C0ACF00BBF2F2 /* VoucherViewModel.swift */; };
		290EA9C5292C4DA500BBF2F2 /* MyPromotionDetailView.swift in Sources */ = {isa = PBXBuildFile; fileRef = 290EA9C4292C4DA500BBF2F2 /* MyPromotionDetailView.swift */; };
		2920609529523C9C006B20C1 /* LoyaltyMobileSDK in Frameworks */ = {isa = PBXBuildFile; productRef = 2920609429523C9C006B20C1 /* LoyaltyMobileSDK */; };
		292ADC6E294BFD7700753541 /* PreviewProvider.swift in Sources */ = {isa = PBXBuildFile; fileRef = 292ADC6D294BFD7700753541 /* PreviewProvider.swift */; };
		292ADC70294C03D900753541 /* PromotionModel+Image.swift in Sources */ = {isa = PBXBuildFile; fileRef = 292ADC6F294C03D900753541 /* PromotionModel+Image.swift */; };
		292ADC72294C04AB00753541 /* VocherModel+VoucherValue.swift in Sources */ = {isa = PBXBuildFile; fileRef = 292ADC71294C04AB00753541 /* VocherModel+VoucherValue.swift */; };
		292ADC74294C055200753541 /* TransactionHistory+CurrencyPoints.swift in Sources */ = {isa = PBXBuildFile; fileRef = 292ADC73294C055200753541 /* TransactionHistory+CurrencyPoints.swift */; };
		292ADC76294C064600753541 /* ProfileModel+CurrencyPoints.swift in Sources */ = {isa = PBXBuildFile; fileRef = 292ADC75294C064600753541 /* ProfileModel+CurrencyPoints.swift */; };
		29367606293209CB00E09A6D /* CachedAsyncImage.swift in Sources */ = {isa = PBXBuildFile; fileRef = 29367605293209CB00E09A6D /* CachedAsyncImage.swift */; };
		2941A23F28BE803F005026CF /* Color.swift in Sources */ = {isa = PBXBuildFile; fileRef = 2941A23E28BE803F005026CF /* Color.swift */; };
		2944F88A28B9A7220098ED1B /* AppConstants.swift in Sources */ = {isa = PBXBuildFile; fileRef = 2944F88928B9A7220098ED1B /* AppConstants.swift */; };
		294E341E293C39E6001F7F48 /* ImageViewModel.swift in Sources */ = {isa = PBXBuildFile; fileRef = 294E341D293C39E6001F7F48 /* ImageViewModel.swift */; };
		2963770E29C10D2400D45AB6 /* ForceClient+SOSL.swift in Sources */ = {isa = PBXBuildFile; fileRef = 2963770C29C10D2400D45AB6 /* ForceClient+SOSL.swift */; };
		2963770F29C10D2400D45AB6 /* ForceClient+SOQL.swift in Sources */ = {isa = PBXBuildFile; fileRef = 2963770D29C10D2400D45AB6 /* ForceClient+SOQL.swift */; };
		2963771429C10D6200D45AB6 /* QueryResult.swift in Sources */ = {isa = PBXBuildFile; fileRef = 2963771129C10D6200D45AB6 /* QueryResult.swift */; };
		2963771529C10D6200D45AB6 /* Address.swift in Sources */ = {isa = PBXBuildFile; fileRef = 2963771229C10D6200D45AB6 /* Address.swift */; };
		2963771629C10D6200D45AB6 /* Record.swift in Sources */ = {isa = PBXBuildFile; fileRef = 2963771329C10D6200D45AB6 /* Record.swift */; };
		296D393128DBCB530078C88E /* OnboardingModel.swift in Sources */ = {isa = PBXBuildFile; fileRef = 296D393028DBCB530078C88E /* OnboardingModel.swift */; };
		296D393328DBCE050078C88E /* OnboardingView.swift in Sources */ = {isa = PBXBuildFile; fileRef = 296D393228DBCE050078C88E /* OnboardingView.swift */; };
		296D393528DBCFFB0078C88E /* OnboardingCardView.swift in Sources */ = {isa = PBXBuildFile; fileRef = 296D393428DBCFFB0078C88E /* OnboardingCardView.swift */; };
		296D393E28DE1EFF0078C88E /* ButtonStyles.swift in Sources */ = {isa = PBXBuildFile; fileRef = 296D393D28DE1EFF0078C88E /* ButtonStyles.swift */; };
		296D394028DE59240078C88E /* TextFieldStyles.swift in Sources */ = {isa = PBXBuildFile; fileRef = 296D393F28DE59240078C88E /* TextFieldStyles.swift */; };
		296D394228DE76A40078C88E /* RevealableSecureField.swift in Sources */ = {isa = PBXBuildFile; fileRef = 296D394128DE76A40078C88E /* RevealableSecureField.swift */; };
		2984C9442954F091009669EF /* LoyaltyUtilities.swift in Sources */ = {isa = PBXBuildFile; fileRef = 2984C93E2954F091009669EF /* LoyaltyUtilities.swift */; };
		2984C9452954F091009669EF /* LocalFileManager.swift in Sources */ = {isa = PBXBuildFile; fileRef = 2984C9402954F091009669EF /* LocalFileManager.swift */; };
		2984C9462954F091009669EF /* Entry.swift in Sources */ = {isa = PBXBuildFile; fileRef = 2984C9412954F091009669EF /* Entry.swift */; };
		2984C9472954F091009669EF /* Expiry.swift in Sources */ = {isa = PBXBuildFile; fileRef = 2984C9422954F091009669EF /* Expiry.swift */; };
		2984C9482954F091009669EF /* Date+Extensions.swift in Sources */ = {isa = PBXBuildFile; fileRef = 2984C9432954F091009669EF /* Date+Extensions.swift */; };
		298613A628C7D3B400BDC744 /* MoreView.swift in Sources */ = {isa = PBXBuildFile; fileRef = 298613A528C7D3B400BDC744 /* MoreView.swift */; };
		298613AE28C9652300BDC744 /* FontStyles.swift in Sources */ = {isa = PBXBuildFile; fileRef = 298613AD28C9652300BDC744 /* FontStyles.swift */; };
		298613B028C9698D00BDC744 /* SF-Pro.ttf in Resources */ = {isa = PBXBuildFile; fileRef = 298613AF28C9698D00BDC744 /* SF-Pro.ttf */; };
		298613B228CA8A9600BDC744 /* Archivo-Regular.ttf in Resources */ = {isa = PBXBuildFile; fileRef = 298613B128CA8A9600BDC744 /* Archivo-Regular.ttf */; };
		298613CA28CBBFA200BDC744 /* Archivo-Bold.ttf in Resources */ = {isa = PBXBuildFile; fileRef = 298613C928CBBFA200BDC744 /* Archivo-Bold.ttf */; };
		298613D028CBC12A00BDC744 /* ProfileViewModel.swift in Sources */ = {isa = PBXBuildFile; fileRef = 298613CF28CBC12A00BDC744 /* ProfileViewModel.swift */; };
		298613D628CC275500BDC744 /* Salesforce.json in Resources */ = {isa = PBXBuildFile; fileRef = 298613D528CC275500BDC744 /* Salesforce.json */; };
		298C664A2980743B00C613D8 /* AppDelegate.swift in Sources */ = {isa = PBXBuildFile; fileRef = 298C66492980743B00C613D8 /* AppDelegate.swift */; };
		298D5EEC29CCF5340062F16E /* ForceAuthManager.swift in Sources */ = {isa = PBXBuildFile; fileRef = 298D5EE929CCF5340062F16E /* ForceAuthManager.swift */; };
		298D5EED29CCF5340062F16E /* ForceAuthStore.swift in Sources */ = {isa = PBXBuildFile; fileRef = 298D5EEA29CCF5340062F16E /* ForceAuthStore.swift */; };
		298D5EEE29CCF5340062F16E /* ForceAuth.swift in Sources */ = {isa = PBXBuildFile; fileRef = 298D5EEB29CCF5340062F16E /* ForceAuth.swift */; };
		298D5EF229CCF94D0062F16E /* WebAuthenticationSession.swift in Sources */ = {isa = PBXBuildFile; fileRef = 298D5EF129CCF94D0062F16E /* WebAuthenticationSession.swift */; };
		298D5EF329CCF94D0062F16E /* ForceUserIdentifier.swift in Sources */ = {isa = PBXBuildFile; fileRef = 298D5EEF29CCF94D0062F16E /* ForceUserIdentifier.swift */; };
		298D5EF429CCF94D0062F16E /* Keychain.swift in Sources */ = {isa = PBXBuildFile; fileRef = 298D5EF029CCF94D0062F16E /* Keychain.swift */; };
		298D5EF629CCFCE60062F16E /* ForceRequest+Auth.swift in Sources */ = {isa = PBXBuildFile; fileRef = 298D5EF529CCFCE60062F16E /* ForceRequest+Auth.swift */; };
		298D5EF829CCFFD00062F16E /* UserDefaults.swift in Sources */ = {isa = PBXBuildFile; fileRef = 298D5EF729CCFFD00062F16E /* UserDefaults.swift */; };
		299B38CA28E365AD00E45D97 /* HalfSheet.swift in Sources */ = {isa = PBXBuildFile; fileRef = 299B38C928E365AD00E45D97 /* HalfSheet.swift */; };
		299B38D028E3DECE00E45D97 /* AppRootViewModel.swift in Sources */ = {isa = PBXBuildFile; fileRef = 299B38CF28E3DECE00E45D97 /* AppRootViewModel.swift */; };
		299B38D428E5F78400E45D97 /* CongratsView.swift in Sources */ = {isa = PBXBuildFile; fileRef = 299B38D328E5F78400E45D97 /* CongratsView.swift */; };
		299B38D828E796BC00E45D97 /* FullSheet.swift in Sources */ = {isa = PBXBuildFile; fileRef = 299B38D728E796BC00E45D97 /* FullSheet.swift */; };
		299B38DA28EB597700E45D97 /* ResetPasswordView.swift in Sources */ = {isa = PBXBuildFile; fileRef = 299B38D928EB597700E45D97 /* ResetPasswordView.swift */; };
		299B38DC28EB7F7000E45D97 /* CheckYourEmailView.swift in Sources */ = {isa = PBXBuildFile; fileRef = 299B38DB28EB7F7000E45D97 /* CheckYourEmailView.swift */; };
		299B38DE28EB8D4900E45D97 /* CreateNewPasswordView.swift in Sources */ = {isa = PBXBuildFile; fileRef = 299B38DD28EB8D4900E45D97 /* CreateNewPasswordView.swift */; };
		299B38E228ED24B900E45D97 /* PasswordResetModel.swift in Sources */ = {isa = PBXBuildFile; fileRef = 299B38E128ED24B900E45D97 /* PasswordResetModel.swift */; };
		299B38E428EE040900E45D97 /* UIApplication+DismissKeyboard.swift in Sources */ = {isa = PBXBuildFile; fileRef = 299B38E328EE040900E45D97 /* UIApplication+DismissKeyboard.swift */; };
		29A39BC12937C699005833C2 /* AsyncImageWithAuth.swift in Sources */ = {isa = PBXBuildFile; fileRef = 29A39BC02937C699005833C2 /* AsyncImageWithAuth.swift */; };
		29A39BC32937F46D005833C2 /* String+MD5.swift in Sources */ = {isa = PBXBuildFile; fileRef = 29A39BC22937F46D005833C2 /* String+MD5.swift */; };
		29A39BC529397B98005833C2 /* EmptyStateView.swift in Sources */ = {isa = PBXBuildFile; fileRef = 29A39BC429397B98005833C2 /* EmptyStateView.swift */; };
		29AB2E1C28E2763700D4B32C /* SheetHeader.swift in Sources */ = {isa = PBXBuildFile; fileRef = 29AB2E1B28E2763700D4B32C /* SheetHeader.swift */; };
		29AC2EF928F8901A003F56F6 /* LoyaltyNavBarView.swift in Sources */ = {isa = PBXBuildFile; fileRef = 29AC2EF828F8901A003F56F6 /* LoyaltyNavBarView.swift */; };
		29AC2EFB28F8959E003F56F6 /* LoyaltyNavBarContainerView.swift in Sources */ = {isa = PBXBuildFile; fileRef = 29AC2EFA28F8959E003F56F6 /* LoyaltyNavBarContainerView.swift */; };
		29AC2EFF28F896C2003F56F6 /* LoyaltyNavBarPreferenceKeys.swift in Sources */ = {isa = PBXBuildFile; fileRef = 29AC2EFE28F896C2003F56F6 /* LoyaltyNavBarPreferenceKeys.swift */; };
		29AC2F0128F89EBE003F56F6 /* LoyaltyNavLink.swift in Sources */ = {isa = PBXBuildFile; fileRef = 29AC2F0028F89EBE003F56F6 /* LoyaltyNavLink.swift */; };
		29AC2F0328F8B2D7003F56F6 /* Roboto-Regular.ttf in Resources */ = {isa = PBXBuildFile; fileRef = 29AC2F0228F8B2D7003F56F6 /* Roboto-Regular.ttf */; };
		29AC2F0528F8B6E6003F56F6 /* AllRedeemPointsView.swift in Sources */ = {isa = PBXBuildFile; fileRef = 29AC2F0428F8B6E6003F56F6 /* AllRedeemPointsView.swift */; };
		29AC2F0728F8B70D003F56F6 /* AllBenefitsView.swift in Sources */ = {isa = PBXBuildFile; fileRef = 29AC2F0628F8B70D003F56F6 /* AllBenefitsView.swift */; };
		29AC2F0928F8B724003F56F6 /* AllBadgesView.swift in Sources */ = {isa = PBXBuildFile; fileRef = 29AC2F0828F8B724003F56F6 /* AllBadgesView.swift */; };
		29B427D429109095009CC587 /* TransactionViewModel.swift in Sources */ = {isa = PBXBuildFile; fileRef = 29B427D329109095009CC587 /* TransactionViewModel.swift */; };
		29B427D629109E60009CC587 /* PromotionViewModel.swift in Sources */ = {isa = PBXBuildFile; fileRef = 29B427D529109E60009CC587 /* PromotionViewModel.swift */; };
		29BAF6CF28F0FC3A00A3F9EB /* CornerRadiusStyle.swift in Sources */ = {isa = PBXBuildFile; fileRef = 29BAF6CE28F0FC3A00A3F9EB /* CornerRadiusStyle.swift */; };
		29BAF6D128F1032800A3F9EB /* Carousel.swift in Sources */ = {isa = PBXBuildFile; fileRef = 29BAF6D028F1032800A3F9EB /* Carousel.swift */; };
		29BAF6D328F103B600A3F9EB /* PromotionCarouselView.swift in Sources */ = {isa = PBXBuildFile; fileRef = 29BAF6D228F103B500A3F9EB /* PromotionCarouselView.swift */; };
		29BAF6D528F14E4400A3F9EB /* PromotionCardView.swift in Sources */ = {isa = PBXBuildFile; fileRef = 29BAF6D428F14E4400A3F9EB /* PromotionCardView.swift */; };
		29BAF6D728F15CF300A3F9EB /* RedeemCardView.swift in Sources */ = {isa = PBXBuildFile; fileRef = 29BAF6D628F15CF300A3F9EB /* RedeemCardView.swift */; };
		29BAF6D928F1642000A3F9EB /* RedeemPointsView.swift in Sources */ = {isa = PBXBuildFile; fileRef = 29BAF6D828F1642000A3F9EB /* RedeemPointsView.swift */; };
		29BAF6DD28F3AE8B00A3F9EB /* String+StringWidth.swift in Sources */ = {isa = PBXBuildFile; fileRef = 29BAF6DC28F3AE8B00A3F9EB /* String+StringWidth.swift */; };
		29BAF6DF28F3ECA600A3F9EB /* TopTabBar.swift in Sources */ = {isa = PBXBuildFile; fileRef = 29BAF6DE28F3ECA600A3F9EB /* TopTabBar.swift */; };
		29BAF6E128F3EEA000A3F9EB /* MyPromotionCardView.swift in Sources */ = {isa = PBXBuildFile; fileRef = 29BAF6E028F3EEA000A3F9EB /* MyPromotionCardView.swift */; };
		29BAF6E328F4824B00A3F9EB /* VoucherCardView.swift in Sources */ = {isa = PBXBuildFile; fileRef = 29BAF6E228F4824B00A3F9EB /* VoucherCardView.swift */; };
		29BAF6E528F485DA00A3F9EB /* VouchersView.swift in Sources */ = {isa = PBXBuildFile; fileRef = 29BAF6E428F485DA00A3F9EB /* VouchersView.swift */; };
		29BAF6E728F4BE5A00A3F9EB /* AllVouchersView.swift in Sources */ = {isa = PBXBuildFile; fileRef = 29BAF6E628F4BE5A00A3F9EB /* AllVouchersView.swift */; };
		29BAF6E928F4CA1000A3F9EB /* TransactionCardView.swift in Sources */ = {isa = PBXBuildFile; fileRef = 29BAF6E828F4CA1000A3F9EB /* TransactionCardView.swift */; };
		29BAF6EB28F4D24500A3F9EB /* TransactionsView.swift in Sources */ = {isa = PBXBuildFile; fileRef = 29BAF6EA28F4D24500A3F9EB /* TransactionsView.swift */; };
		29BAF6ED28F4DE1C00A3F9EB /* BadgeCardView.swift in Sources */ = {isa = PBXBuildFile; fileRef = 29BAF6EC28F4DE1C00A3F9EB /* BadgeCardView.swift */; };
		29BAF6EF28F4E27400A3F9EB /* BadgesView.swift in Sources */ = {isa = PBXBuildFile; fileRef = 29BAF6EE28F4E27400A3F9EB /* BadgesView.swift */; };
		29BAF6F128F5D6D600A3F9EB /* VoucherDetailView.swift in Sources */ = {isa = PBXBuildFile; fileRef = 29BAF6F028F5D6D600A3F9EB /* VoucherDetailView.swift */; };
		29BAF6FE28F63A5800A3F9EB /* RewardPointsCardView.swift in Sources */ = {isa = PBXBuildFile; fileRef = 29BAF6FD28F63A5800A3F9EB /* RewardPointsCardView.swift */; };
		29BAF70028F756E500A3F9EB /* QRCodeView.swift in Sources */ = {isa = PBXBuildFile; fileRef = 29BAF6FF28F756E500A3F9EB /* QRCodeView.swift */; };
		29BAF70228F78FA400A3F9EB /* AllTransactionsView.swift in Sources */ = {isa = PBXBuildFile; fileRef = 29BAF70128F78FA300A3F9EB /* AllTransactionsView.swift */; };
		29D7497C2931D10100BC81AD /* AsyncImageView.swift in Sources */ = {isa = PBXBuildFile; fileRef = 29D7497B2931D10100BC81AD /* AsyncImageView.swift */; };
		29FEDDF2294293BF0014BEBA /* UITabView.swift in Sources */ = {isa = PBXBuildFile; fileRef = 29FEDDF1294293BF0014BEBA /* UITabView.swift */; };
		3F1B162A29B6162B0093F75F /* StarRatingView.swift in Sources */ = {isa = PBXBuildFile; fileRef = 3F1B162929B6162B0093F75F /* StarRatingView.swift */; };
		3F466A3729B9DD3D000F328D /* SizeSelectorView.swift in Sources */ = {isa = PBXBuildFile; fileRef = 3F466A3629B9DD3D000F328D /* SizeSelectorView.swift */; };
		3F718AD429BA244B0019B70F /* ProductImagesView.swift in Sources */ = {isa = PBXBuildFile; fileRef = 3F718AD329BA244B0019B70F /* ProductImagesView.swift */; };
		3F718AD629BA2DFA0019B70F /* ProductHeaderView.swift in Sources */ = {isa = PBXBuildFile; fileRef = 3F718AD529BA2DFA0019B70F /* ProductHeaderView.swift */; };
		3F718AD829BA35BD0019B70F /* ProductView.swift in Sources */ = {isa = PBXBuildFile; fileRef = 3F718AD729BA35BD0019B70F /* ProductView.swift */; };
		3FA331E129D2E63E00331529 /* OrderDetailsViewModel.swift in Sources */ = {isa = PBXBuildFile; fileRef = 3FA331E029D2E63E00331529 /* OrderDetailsViewModel.swift */; };
		3FE7193029BAE6900087A49F /* QuantityView.swift in Sources */ = {isa = PBXBuildFile; fileRef = 3FE7192F29BAE6900087A49F /* QuantityView.swift */; };
		3FE7193229BB6A5D0087A49F /* ProductDetailsView.swift in Sources */ = {isa = PBXBuildFile; fileRef = 3FE7193129BB6A5D0087A49F /* ProductDetailsView.swift */; };
		3FE7193529BB6E020087A49F /* ProductReviewView.swift in Sources */ = {isa = PBXBuildFile; fileRef = 3FE7193429BB6E020087A49F /* ProductReviewView.swift */; };
		3FE7193729BB6E2F0087A49F /* ProductTermsAndConditionsView.swift in Sources */ = {isa = PBXBuildFile; fileRef = 3FE7193629BB6E2F0087A49F /* ProductTermsAndConditionsView.swift */; };
		3FE7193929BB8C110087A49F /* OrderDetailsView.swift in Sources */ = {isa = PBXBuildFile; fileRef = 3FE7193829BB8C110087A49F /* OrderDetailsView.swift */; };
		3FE7193B29BB8F4F0087A49F /* ShippingDetailsView.swift in Sources */ = {isa = PBXBuildFile; fileRef = 3FE7193A29BB8F4F0087A49F /* ShippingDetailsView.swift */; };
		3FE7193D29BB90C30087A49F /* AddressView.swift in Sources */ = {isa = PBXBuildFile; fileRef = 3FE7193C29BB90C30087A49F /* AddressView.swift */; };
		3FE7193F29BEFD3A0087A49F /* OrderPlacedView.swift in Sources */ = {isa = PBXBuildFile; fileRef = 3FE7193E29BEFD3A0087A49F /* OrderPlacedView.swift */; };
		3FE7194429C09B9C0087A49F /* AvailableColorsView.swift in Sources */ = {isa = PBXBuildFile; fileRef = 3FE7192D29BAD8FB0087A49F /* AvailableColorsView.swift */; };
		3FE7194629C09D5F0087A49F /* NavigationBarView.swift in Sources */ = {isa = PBXBuildFile; fileRef = 3FE7194529C09D5F0087A49F /* NavigationBarView.swift */; };
		3FFE1C9B29A29FF900F43253 /* UnenrollPromotion.json in Resources */ = {isa = PBXBuildFile; fileRef = 3FFE1C9A29A29FF900F43253 /* UnenrollPromotion.json */; };
		3FFE1C9D29A37D5300F43253 /* GetVouchers.json in Resources */ = {isa = PBXBuildFile; fileRef = 3FFE1C9C29A37D5300F43253 /* GetVouchers.json */; };
		AF11147429C2043E00CAF30D /* VoucherPickerView.swift in Sources */ = {isa = PBXBuildFile; fileRef = AF11147329C2043E00CAF30D /* VoucherPickerView.swift */; };
		AF11147629C20DAD00CAF30D /* PaymentDetailsView.swift in Sources */ = {isa = PBXBuildFile; fileRef = AF11147529C20DAD00CAF30D /* PaymentDetailsView.swift */; };
		AF11147829C20EBB00CAF30D /* OrderVoucherView.swift in Sources */ = {isa = PBXBuildFile; fileRef = AF11147729C20EBB00CAF30D /* OrderVoucherView.swift */; };
		AF11147A29C218F000CAF30D /* AmountPayableView.swift in Sources */ = {isa = PBXBuildFile; fileRef = AF11147929C218F000CAF30D /* AmountPayableView.swift */; };
		AF11147C29C21CB300CAF30D /* PaymentCardView.swift in Sources */ = {isa = PBXBuildFile; fileRef = AF11147B29C21CB300CAF30D /* PaymentCardView.swift */; };
		AF11147E29C2230800CAF30D /* PaymentCardTextField.swift in Sources */ = {isa = PBXBuildFile; fileRef = AF11147D29C2230800CAF30D /* PaymentCardTextField.swift */; };
		AF27C5AC2981118D008C7D79 /* LoyaltyTextField.swift in Sources */ = {isa = PBXBuildFile; fileRef = AF27C5AB2981118D008C7D79 /* LoyaltyTextField.swift */; };
/* End PBXBuildFile section */

/* Begin PBXFileReference section */
		216A9CC028BDD958007881FE /* BenefitViewModel.swift */ = {isa = PBXFileReference; fileEncoding = 4; lastKnownFileType = sourcecode.swift; path = BenefitViewModel.swift; sourceTree = "<group>"; };
		216F217B28B6141E00DAA66D /* MyNTORewards.app */ = {isa = PBXFileReference; explicitFileType = wrapper.application; includeInIndex = 0; path = MyNTORewards.app; sourceTree = BUILT_PRODUCTS_DIR; };
		216F217E28B6141E00DAA66D /* MyNTORewardsApp.swift */ = {isa = PBXFileReference; lastKnownFileType = sourcecode.swift; path = MyNTORewardsApp.swift; sourceTree = "<group>"; };
		216F218528B6141F00DAA66D /* Preview Assets.xcassets */ = {isa = PBXFileReference; lastKnownFileType = folder.assetcatalog; path = "Preview Assets.xcassets"; sourceTree = "<group>"; };
		216F218C28B6145200DAA66D /* GoogleService-Info.plist */ = {isa = PBXFileReference; fileEncoding = 4; lastKnownFileType = text.plist.xml; path = "GoogleService-Info.plist"; sourceTree = "<group>"; };
		216F218E28B6148800DAA66D /* AppViewRouter.swift */ = {isa = PBXFileReference; fileEncoding = 4; lastKnownFileType = sourcecode.swift; path = AppViewRouter.swift; sourceTree = "<group>"; };
		216F219428B6188600DAA66D /* AppRootView.swift */ = {isa = PBXFileReference; lastKnownFileType = sourcecode.swift; path = AppRootView.swift; sourceTree = "<group>"; };
		216F219628B618AD00DAA66D /* SignUpView.swift */ = {isa = PBXFileReference; lastKnownFileType = sourcecode.swift; path = SignUpView.swift; sourceTree = "<group>"; };
		216F219828B618BB00DAA66D /* SignInView.swift */ = {isa = PBXFileReference; lastKnownFileType = sourcecode.swift; path = SignInView.swift; sourceTree = "<group>"; };
		216F219A28B618C700DAA66D /* HomeView.swift */ = {isa = PBXFileReference; lastKnownFileType = sourcecode.swift; path = HomeView.swift; sourceTree = "<group>"; };
		218A36A728B85B7900FCEE39 /* Assets.xcassets */ = {isa = PBXFileReference; lastKnownFileType = folder.assetcatalog; path = Assets.xcassets; sourceTree = "<group>"; };
		218A36A928B85CA500FCEE39 /* BottomNavTabsView.swift */ = {isa = PBXFileReference; lastKnownFileType = sourcecode.swift; path = BottomNavTabsView.swift; sourceTree = "<group>"; };
		218A36AB28B85D5500FCEE39 /* MyPromotionsView.swift */ = {isa = PBXFileReference; fileEncoding = 4; lastKnownFileType = sourcecode.swift; path = MyPromotionsView.swift; sourceTree = "<group>"; };
		218A36AD28B85D6000FCEE39 /* FavoriteView.swift */ = {isa = PBXFileReference; fileEncoding = 4; lastKnownFileType = sourcecode.swift; path = FavoriteView.swift; sourceTree = "<group>"; };
		218A36AF28B85D9200FCEE39 /* RedeemView.swift */ = {isa = PBXFileReference; fileEncoding = 4; lastKnownFileType = sourcecode.swift; path = RedeemView.swift; sourceTree = "<group>"; };
		218A36B128B85DA400FCEE39 /* ProfileView.swift */ = {isa = PBXFileReference; fileEncoding = 4; lastKnownFileType = sourcecode.swift; path = ProfileView.swift; sourceTree = "<group>"; };
		218A36B428B85E4C00FCEE39 /* BenefitView.swift */ = {isa = PBXFileReference; fileEncoding = 4; lastKnownFileType = sourcecode.swift; path = BenefitView.swift; sourceTree = "<group>"; };
		29053F7C2907452800F84561 /* Assets.swift */ = {isa = PBXFileReference; lastKnownFileType = sourcecode.swift; path = Assets.swift; sourceTree = "<group>"; };
		2906B1D328FF5031006EAB2D /* MemberModel.swift */ = {isa = PBXFileReference; lastKnownFileType = sourcecode.swift; path = MemberModel.swift; sourceTree = "<group>"; };
		2906B1D528FF5E88006EAB2D /* FirestoreManager.swift */ = {isa = PBXFileReference; lastKnownFileType = sourcecode.swift; path = FirestoreManager.swift; sourceTree = "<group>"; };
		2906B1DA28FF7348006EAB2D /* CheckboxStyle.swift */ = {isa = PBXFileReference; lastKnownFileType = sourcecode.swift; path = CheckboxStyle.swift; sourceTree = "<group>"; };
		2906B1F02901E1A4006EAB2D /* Vouchers.json */ = {isa = PBXFileReference; lastKnownFileType = text.json; path = Vouchers.json; sourceTree = "<group>"; };
		2906B1F22901E218006EAB2D /* Promotions.json */ = {isa = PBXFileReference; lastKnownFileType = text.json; path = Promotions.json; sourceTree = "<group>"; };
		2906B1F42901E308006EAB2D /* Transactions.json */ = {isa = PBXFileReference; lastKnownFileType = text.json; path = Transactions.json; sourceTree = "<group>"; };
		2906B1F62901E3EA006EAB2D /* Benefits.json */ = {isa = PBXFileReference; lastKnownFileType = text.json; path = Benefits.json; sourceTree = "<group>"; };
		290EA9B82926F1A700BBF2F2 /* Profile.json */ = {isa = PBXFileReference; lastKnownFileType = text.json; path = Profile.json; sourceTree = "<group>"; };
		290EA9BC2928ADB700BBF2F2 /* ViewAllView.swift */ = {isa = PBXFileReference; lastKnownFileType = sourcecode.swift; path = ViewAllView.swift; sourceTree = "<group>"; };
		290EA9C0292C0ACF00BBF2F2 /* VoucherViewModel.swift */ = {isa = PBXFileReference; lastKnownFileType = sourcecode.swift; path = VoucherViewModel.swift; sourceTree = "<group>"; };
		290EA9C4292C4DA500BBF2F2 /* MyPromotionDetailView.swift */ = {isa = PBXFileReference; lastKnownFileType = sourcecode.swift; path = MyPromotionDetailView.swift; sourceTree = "<group>"; };
		2920609329523C0B006B20C1 /* LoyaltyMobileSDK-iOS */ = {isa = PBXFileReference; lastKnownFileType = wrapper; name = "LoyaltyMobileSDK-iOS"; path = ../..; sourceTree = "<group>"; };
		292ADC6D294BFD7700753541 /* PreviewProvider.swift */ = {isa = PBXFileReference; fileEncoding = 4; lastKnownFileType = sourcecode.swift; path = PreviewProvider.swift; sourceTree = "<group>"; };
		292ADC6F294C03D900753541 /* PromotionModel+Image.swift */ = {isa = PBXFileReference; lastKnownFileType = sourcecode.swift; path = "PromotionModel+Image.swift"; sourceTree = "<group>"; };
		292ADC71294C04AB00753541 /* VocherModel+VoucherValue.swift */ = {isa = PBXFileReference; lastKnownFileType = sourcecode.swift; path = "VocherModel+VoucherValue.swift"; sourceTree = "<group>"; };
		292ADC73294C055200753541 /* TransactionHistory+CurrencyPoints.swift */ = {isa = PBXFileReference; lastKnownFileType = sourcecode.swift; path = "TransactionHistory+CurrencyPoints.swift"; sourceTree = "<group>"; };
		292ADC75294C064600753541 /* ProfileModel+CurrencyPoints.swift */ = {isa = PBXFileReference; lastKnownFileType = sourcecode.swift; path = "ProfileModel+CurrencyPoints.swift"; sourceTree = "<group>"; };
		29367605293209CB00E09A6D /* CachedAsyncImage.swift */ = {isa = PBXFileReference; lastKnownFileType = sourcecode.swift; path = CachedAsyncImage.swift; sourceTree = "<group>"; };
		2941A23E28BE803F005026CF /* Color.swift */ = {isa = PBXFileReference; lastKnownFileType = sourcecode.swift; path = Color.swift; sourceTree = "<group>"; };
		2944F88928B9A7220098ED1B /* AppConstants.swift */ = {isa = PBXFileReference; lastKnownFileType = sourcecode.swift; path = AppConstants.swift; sourceTree = "<group>"; };
		294E341D293C39E6001F7F48 /* ImageViewModel.swift */ = {isa = PBXFileReference; lastKnownFileType = sourcecode.swift; path = ImageViewModel.swift; sourceTree = "<group>"; };
		2963770C29C10D2400D45AB6 /* ForceClient+SOSL.swift */ = {isa = PBXFileReference; fileEncoding = 4; lastKnownFileType = sourcecode.swift; path = "ForceClient+SOSL.swift"; sourceTree = "<group>"; };
		2963770D29C10D2400D45AB6 /* ForceClient+SOQL.swift */ = {isa = PBXFileReference; fileEncoding = 4; lastKnownFileType = sourcecode.swift; path = "ForceClient+SOQL.swift"; sourceTree = "<group>"; };
		2963771129C10D6200D45AB6 /* QueryResult.swift */ = {isa = PBXFileReference; fileEncoding = 4; lastKnownFileType = sourcecode.swift; path = QueryResult.swift; sourceTree = "<group>"; };
		2963771229C10D6200D45AB6 /* Address.swift */ = {isa = PBXFileReference; fileEncoding = 4; lastKnownFileType = sourcecode.swift; path = Address.swift; sourceTree = "<group>"; };
		2963771329C10D6200D45AB6 /* Record.swift */ = {isa = PBXFileReference; fileEncoding = 4; lastKnownFileType = sourcecode.swift; path = Record.swift; sourceTree = "<group>"; };
		296D393028DBCB530078C88E /* OnboardingModel.swift */ = {isa = PBXFileReference; lastKnownFileType = sourcecode.swift; path = OnboardingModel.swift; sourceTree = "<group>"; };
		296D393228DBCE050078C88E /* OnboardingView.swift */ = {isa = PBXFileReference; lastKnownFileType = sourcecode.swift; path = OnboardingView.swift; sourceTree = "<group>"; };
		296D393428DBCFFB0078C88E /* OnboardingCardView.swift */ = {isa = PBXFileReference; lastKnownFileType = sourcecode.swift; path = OnboardingCardView.swift; sourceTree = "<group>"; };
		296D393D28DE1EFF0078C88E /* ButtonStyles.swift */ = {isa = PBXFileReference; lastKnownFileType = sourcecode.swift; path = ButtonStyles.swift; sourceTree = "<group>"; };
		296D393F28DE59240078C88E /* TextFieldStyles.swift */ = {isa = PBXFileReference; lastKnownFileType = sourcecode.swift; path = TextFieldStyles.swift; sourceTree = "<group>"; };
		296D394128DE76A40078C88E /* RevealableSecureField.swift */ = {isa = PBXFileReference; lastKnownFileType = sourcecode.swift; path = RevealableSecureField.swift; sourceTree = "<group>"; };
		2984C93E2954F091009669EF /* LoyaltyUtilities.swift */ = {isa = PBXFileReference; fileEncoding = 4; lastKnownFileType = sourcecode.swift; path = LoyaltyUtilities.swift; sourceTree = "<group>"; };
		2984C9402954F091009669EF /* LocalFileManager.swift */ = {isa = PBXFileReference; fileEncoding = 4; lastKnownFileType = sourcecode.swift; path = LocalFileManager.swift; sourceTree = "<group>"; };
		2984C9412954F091009669EF /* Entry.swift */ = {isa = PBXFileReference; fileEncoding = 4; lastKnownFileType = sourcecode.swift; path = Entry.swift; sourceTree = "<group>"; };
		2984C9422954F091009669EF /* Expiry.swift */ = {isa = PBXFileReference; fileEncoding = 4; lastKnownFileType = sourcecode.swift; path = Expiry.swift; sourceTree = "<group>"; };
		2984C9432954F091009669EF /* Date+Extensions.swift */ = {isa = PBXFileReference; fileEncoding = 4; lastKnownFileType = sourcecode.swift; path = "Date+Extensions.swift"; sourceTree = "<group>"; };
		298613A528C7D3B400BDC744 /* MoreView.swift */ = {isa = PBXFileReference; lastKnownFileType = sourcecode.swift; path = MoreView.swift; sourceTree = "<group>"; };
		298613AC28C964D900BDC744 /* Info.plist */ = {isa = PBXFileReference; lastKnownFileType = text.plist; path = Info.plist; sourceTree = "<group>"; };
		298613AD28C9652300BDC744 /* FontStyles.swift */ = {isa = PBXFileReference; lastKnownFileType = sourcecode.swift; path = FontStyles.swift; sourceTree = "<group>"; };
		298613AF28C9698D00BDC744 /* SF-Pro.ttf */ = {isa = PBXFileReference; lastKnownFileType = file; path = "SF-Pro.ttf"; sourceTree = "<group>"; };
		298613B128CA8A9600BDC744 /* Archivo-Regular.ttf */ = {isa = PBXFileReference; lastKnownFileType = file; path = "Archivo-Regular.ttf"; sourceTree = "<group>"; };
		298613C928CBBFA200BDC744 /* Archivo-Bold.ttf */ = {isa = PBXFileReference; lastKnownFileType = file; path = "Archivo-Bold.ttf"; sourceTree = "<group>"; };
		298613CF28CBC12A00BDC744 /* ProfileViewModel.swift */ = {isa = PBXFileReference; lastKnownFileType = sourcecode.swift; path = ProfileViewModel.swift; sourceTree = "<group>"; };
		298613D528CC275500BDC744 /* Salesforce.json */ = {isa = PBXFileReference; lastKnownFileType = text.json; path = Salesforce.json; sourceTree = "<group>"; };
		298C66492980743B00C613D8 /* AppDelegate.swift */ = {isa = PBXFileReference; lastKnownFileType = sourcecode.swift; path = AppDelegate.swift; sourceTree = "<group>"; };
		298D5EE929CCF5340062F16E /* ForceAuthManager.swift */ = {isa = PBXFileReference; fileEncoding = 4; lastKnownFileType = sourcecode.swift; path = ForceAuthManager.swift; sourceTree = "<group>"; };
		298D5EEA29CCF5340062F16E /* ForceAuthStore.swift */ = {isa = PBXFileReference; fileEncoding = 4; lastKnownFileType = sourcecode.swift; path = ForceAuthStore.swift; sourceTree = "<group>"; };
		298D5EEB29CCF5340062F16E /* ForceAuth.swift */ = {isa = PBXFileReference; fileEncoding = 4; lastKnownFileType = sourcecode.swift; path = ForceAuth.swift; sourceTree = "<group>"; };
		298D5EEF29CCF94D0062F16E /* ForceUserIdentifier.swift */ = {isa = PBXFileReference; lastKnownFileType = sourcecode.swift; path = ForceUserIdentifier.swift; sourceTree = "<group>"; };
		298D5EF029CCF94D0062F16E /* Keychain.swift */ = {isa = PBXFileReference; lastKnownFileType = sourcecode.swift; path = Keychain.swift; sourceTree = "<group>"; };
		298D5EF129CCF94D0062F16E /* WebAuthenticationSession.swift */ = {isa = PBXFileReference; lastKnownFileType = sourcecode.swift; path = WebAuthenticationSession.swift; sourceTree = "<group>"; };
		298D5EF529CCFCE60062F16E /* ForceRequest+Auth.swift */ = {isa = PBXFileReference; lastKnownFileType = sourcecode.swift; path = "ForceRequest+Auth.swift"; sourceTree = "<group>"; };
		298D5EF729CCFFD00062F16E /* UserDefaults.swift */ = {isa = PBXFileReference; lastKnownFileType = sourcecode.swift; path = UserDefaults.swift; sourceTree = "<group>"; };
		299B38C928E365AD00E45D97 /* HalfSheet.swift */ = {isa = PBXFileReference; lastKnownFileType = sourcecode.swift; path = HalfSheet.swift; sourceTree = "<group>"; };
		299B38CF28E3DECE00E45D97 /* AppRootViewModel.swift */ = {isa = PBXFileReference; lastKnownFileType = sourcecode.swift; path = AppRootViewModel.swift; sourceTree = "<group>"; };
		299B38D328E5F78400E45D97 /* CongratsView.swift */ = {isa = PBXFileReference; lastKnownFileType = sourcecode.swift; path = CongratsView.swift; sourceTree = "<group>"; };
		299B38D728E796BC00E45D97 /* FullSheet.swift */ = {isa = PBXFileReference; lastKnownFileType = sourcecode.swift; path = FullSheet.swift; sourceTree = "<group>"; };
		299B38D928EB597700E45D97 /* ResetPasswordView.swift */ = {isa = PBXFileReference; lastKnownFileType = sourcecode.swift; path = ResetPasswordView.swift; sourceTree = "<group>"; };
		299B38DB28EB7F7000E45D97 /* CheckYourEmailView.swift */ = {isa = PBXFileReference; lastKnownFileType = sourcecode.swift; path = CheckYourEmailView.swift; sourceTree = "<group>"; };
		299B38DD28EB8D4900E45D97 /* CreateNewPasswordView.swift */ = {isa = PBXFileReference; lastKnownFileType = sourcecode.swift; path = CreateNewPasswordView.swift; sourceTree = "<group>"; };
		299B38E128ED24B900E45D97 /* PasswordResetModel.swift */ = {isa = PBXFileReference; lastKnownFileType = sourcecode.swift; path = PasswordResetModel.swift; sourceTree = "<group>"; };
		299B38E328EE040900E45D97 /* UIApplication+DismissKeyboard.swift */ = {isa = PBXFileReference; lastKnownFileType = sourcecode.swift; path = "UIApplication+DismissKeyboard.swift"; sourceTree = "<group>"; };
		29A39BC02937C699005833C2 /* AsyncImageWithAuth.swift */ = {isa = PBXFileReference; lastKnownFileType = sourcecode.swift; path = AsyncImageWithAuth.swift; sourceTree = "<group>"; };
		29A39BC22937F46D005833C2 /* String+MD5.swift */ = {isa = PBXFileReference; lastKnownFileType = sourcecode.swift; path = "String+MD5.swift"; sourceTree = "<group>"; };
		29A39BC429397B98005833C2 /* EmptyStateView.swift */ = {isa = PBXFileReference; lastKnownFileType = sourcecode.swift; path = EmptyStateView.swift; sourceTree = "<group>"; };
		29AB2E1B28E2763700D4B32C /* SheetHeader.swift */ = {isa = PBXFileReference; lastKnownFileType = sourcecode.swift; path = SheetHeader.swift; sourceTree = "<group>"; };
		29AC2EF828F8901A003F56F6 /* LoyaltyNavBarView.swift */ = {isa = PBXFileReference; lastKnownFileType = sourcecode.swift; path = LoyaltyNavBarView.swift; sourceTree = "<group>"; };
		29AC2EFA28F8959E003F56F6 /* LoyaltyNavBarContainerView.swift */ = {isa = PBXFileReference; lastKnownFileType = sourcecode.swift; path = LoyaltyNavBarContainerView.swift; sourceTree = "<group>"; };
		29AC2EFE28F896C2003F56F6 /* LoyaltyNavBarPreferenceKeys.swift */ = {isa = PBXFileReference; lastKnownFileType = sourcecode.swift; path = LoyaltyNavBarPreferenceKeys.swift; sourceTree = "<group>"; };
		29AC2F0028F89EBE003F56F6 /* LoyaltyNavLink.swift */ = {isa = PBXFileReference; lastKnownFileType = sourcecode.swift; path = LoyaltyNavLink.swift; sourceTree = "<group>"; };
		29AC2F0228F8B2D7003F56F6 /* Roboto-Regular.ttf */ = {isa = PBXFileReference; lastKnownFileType = file; path = "Roboto-Regular.ttf"; sourceTree = "<group>"; };
		29AC2F0428F8B6E6003F56F6 /* AllRedeemPointsView.swift */ = {isa = PBXFileReference; lastKnownFileType = sourcecode.swift; path = AllRedeemPointsView.swift; sourceTree = "<group>"; };
		29AC2F0628F8B70D003F56F6 /* AllBenefitsView.swift */ = {isa = PBXFileReference; lastKnownFileType = sourcecode.swift; path = AllBenefitsView.swift; sourceTree = "<group>"; };
		29AC2F0828F8B724003F56F6 /* AllBadgesView.swift */ = {isa = PBXFileReference; lastKnownFileType = sourcecode.swift; path = AllBadgesView.swift; sourceTree = "<group>"; };
		29B427D329109095009CC587 /* TransactionViewModel.swift */ = {isa = PBXFileReference; lastKnownFileType = sourcecode.swift; path = TransactionViewModel.swift; sourceTree = "<group>"; };
		29B427D529109E60009CC587 /* PromotionViewModel.swift */ = {isa = PBXFileReference; lastKnownFileType = sourcecode.swift; path = PromotionViewModel.swift; sourceTree = "<group>"; };
		29BAF6CE28F0FC3A00A3F9EB /* CornerRadiusStyle.swift */ = {isa = PBXFileReference; lastKnownFileType = sourcecode.swift; path = CornerRadiusStyle.swift; sourceTree = "<group>"; };
		29BAF6D028F1032800A3F9EB /* Carousel.swift */ = {isa = PBXFileReference; lastKnownFileType = sourcecode.swift; path = Carousel.swift; sourceTree = "<group>"; };
		29BAF6D228F103B500A3F9EB /* PromotionCarouselView.swift */ = {isa = PBXFileReference; lastKnownFileType = sourcecode.swift; path = PromotionCarouselView.swift; sourceTree = "<group>"; };
		29BAF6D428F14E4400A3F9EB /* PromotionCardView.swift */ = {isa = PBXFileReference; lastKnownFileType = sourcecode.swift; path = PromotionCardView.swift; sourceTree = "<group>"; };
		29BAF6D628F15CF300A3F9EB /* RedeemCardView.swift */ = {isa = PBXFileReference; lastKnownFileType = sourcecode.swift; path = RedeemCardView.swift; sourceTree = "<group>"; };
		29BAF6D828F1642000A3F9EB /* RedeemPointsView.swift */ = {isa = PBXFileReference; lastKnownFileType = sourcecode.swift; path = RedeemPointsView.swift; sourceTree = "<group>"; };
		29BAF6DC28F3AE8B00A3F9EB /* String+StringWidth.swift */ = {isa = PBXFileReference; lastKnownFileType = sourcecode.swift; path = "String+StringWidth.swift"; sourceTree = "<group>"; };
		29BAF6DE28F3ECA600A3F9EB /* TopTabBar.swift */ = {isa = PBXFileReference; lastKnownFileType = sourcecode.swift; path = TopTabBar.swift; sourceTree = "<group>"; };
		29BAF6E028F3EEA000A3F9EB /* MyPromotionCardView.swift */ = {isa = PBXFileReference; lastKnownFileType = sourcecode.swift; path = MyPromotionCardView.swift; sourceTree = "<group>"; };
		29BAF6E228F4824B00A3F9EB /* VoucherCardView.swift */ = {isa = PBXFileReference; lastKnownFileType = sourcecode.swift; path = VoucherCardView.swift; sourceTree = "<group>"; };
		29BAF6E428F485DA00A3F9EB /* VouchersView.swift */ = {isa = PBXFileReference; lastKnownFileType = sourcecode.swift; path = VouchersView.swift; sourceTree = "<group>"; };
		29BAF6E628F4BE5A00A3F9EB /* AllVouchersView.swift */ = {isa = PBXFileReference; lastKnownFileType = sourcecode.swift; path = AllVouchersView.swift; sourceTree = "<group>"; };
		29BAF6E828F4CA1000A3F9EB /* TransactionCardView.swift */ = {isa = PBXFileReference; lastKnownFileType = sourcecode.swift; path = TransactionCardView.swift; sourceTree = "<group>"; };
		29BAF6EA28F4D24500A3F9EB /* TransactionsView.swift */ = {isa = PBXFileReference; lastKnownFileType = sourcecode.swift; path = TransactionsView.swift; sourceTree = "<group>"; };
		29BAF6EC28F4DE1C00A3F9EB /* BadgeCardView.swift */ = {isa = PBXFileReference; lastKnownFileType = sourcecode.swift; path = BadgeCardView.swift; sourceTree = "<group>"; };
		29BAF6EE28F4E27400A3F9EB /* BadgesView.swift */ = {isa = PBXFileReference; lastKnownFileType = sourcecode.swift; path = BadgesView.swift; sourceTree = "<group>"; };
		29BAF6F028F5D6D600A3F9EB /* VoucherDetailView.swift */ = {isa = PBXFileReference; lastKnownFileType = sourcecode.swift; path = VoucherDetailView.swift; sourceTree = "<group>"; };
		29BAF6FD28F63A5800A3F9EB /* RewardPointsCardView.swift */ = {isa = PBXFileReference; lastKnownFileType = sourcecode.swift; path = RewardPointsCardView.swift; sourceTree = "<group>"; };
		29BAF6FF28F756E500A3F9EB /* QRCodeView.swift */ = {isa = PBXFileReference; lastKnownFileType = sourcecode.swift; path = QRCodeView.swift; sourceTree = "<group>"; };
		29BAF70128F78FA300A3F9EB /* AllTransactionsView.swift */ = {isa = PBXFileReference; lastKnownFileType = sourcecode.swift; path = AllTransactionsView.swift; sourceTree = "<group>"; };
		29D7497B2931D10100BC81AD /* AsyncImageView.swift */ = {isa = PBXFileReference; lastKnownFileType = sourcecode.swift; path = AsyncImageView.swift; sourceTree = "<group>"; };
		29FEDDF1294293BF0014BEBA /* UITabView.swift */ = {isa = PBXFileReference; lastKnownFileType = sourcecode.swift; path = UITabView.swift; sourceTree = "<group>"; };
		3F1B162929B6162B0093F75F /* StarRatingView.swift */ = {isa = PBXFileReference; lastKnownFileType = sourcecode.swift; path = StarRatingView.swift; sourceTree = "<group>"; };
		3F466A3629B9DD3D000F328D /* SizeSelectorView.swift */ = {isa = PBXFileReference; lastKnownFileType = sourcecode.swift; path = SizeSelectorView.swift; sourceTree = "<group>"; };
		3F718AD329BA244B0019B70F /* ProductImagesView.swift */ = {isa = PBXFileReference; lastKnownFileType = sourcecode.swift; path = ProductImagesView.swift; sourceTree = "<group>"; };
		3F718AD529BA2DFA0019B70F /* ProductHeaderView.swift */ = {isa = PBXFileReference; lastKnownFileType = sourcecode.swift; path = ProductHeaderView.swift; sourceTree = "<group>"; };
		3F718AD729BA35BD0019B70F /* ProductView.swift */ = {isa = PBXFileReference; lastKnownFileType = sourcecode.swift; path = ProductView.swift; sourceTree = "<group>"; };
		3FA331E029D2E63E00331529 /* OrderDetailsViewModel.swift */ = {isa = PBXFileReference; lastKnownFileType = sourcecode.swift; path = OrderDetailsViewModel.swift; sourceTree = "<group>"; };
		3FE7192D29BAD8FB0087A49F /* AvailableColorsView.swift */ = {isa = PBXFileReference; lastKnownFileType = sourcecode.swift; path = AvailableColorsView.swift; sourceTree = "<group>"; };
		3FE7192F29BAE6900087A49F /* QuantityView.swift */ = {isa = PBXFileReference; lastKnownFileType = sourcecode.swift; path = QuantityView.swift; sourceTree = "<group>"; };
		3FE7193129BB6A5D0087A49F /* ProductDetailsView.swift */ = {isa = PBXFileReference; lastKnownFileType = sourcecode.swift; path = ProductDetailsView.swift; sourceTree = "<group>"; };
		3FE7193429BB6E020087A49F /* ProductReviewView.swift */ = {isa = PBXFileReference; lastKnownFileType = sourcecode.swift; path = ProductReviewView.swift; sourceTree = "<group>"; };
		3FE7193629BB6E2F0087A49F /* ProductTermsAndConditionsView.swift */ = {isa = PBXFileReference; lastKnownFileType = sourcecode.swift; path = ProductTermsAndConditionsView.swift; sourceTree = "<group>"; };
		3FE7193829BB8C110087A49F /* OrderDetailsView.swift */ = {isa = PBXFileReference; lastKnownFileType = sourcecode.swift; path = OrderDetailsView.swift; sourceTree = "<group>"; };
		3FE7193A29BB8F4F0087A49F /* ShippingDetailsView.swift */ = {isa = PBXFileReference; lastKnownFileType = sourcecode.swift; path = ShippingDetailsView.swift; sourceTree = "<group>"; };
		3FE7193C29BB90C30087A49F /* AddressView.swift */ = {isa = PBXFileReference; lastKnownFileType = sourcecode.swift; path = AddressView.swift; sourceTree = "<group>"; };
		3FE7193E29BEFD3A0087A49F /* OrderPlacedView.swift */ = {isa = PBXFileReference; lastKnownFileType = sourcecode.swift; path = OrderPlacedView.swift; sourceTree = "<group>"; };
		3FE7194529C09D5F0087A49F /* NavigationBarView.swift */ = {isa = PBXFileReference; lastKnownFileType = sourcecode.swift; path = NavigationBarView.swift; sourceTree = "<group>"; };
		3FFE1C9A29A29FF900F43253 /* UnenrollPromotion.json */ = {isa = PBXFileReference; fileEncoding = 4; lastKnownFileType = text.json; path = UnenrollPromotion.json; sourceTree = "<group>"; };
		3FFE1C9C29A37D5300F43253 /* GetVouchers.json */ = {isa = PBXFileReference; fileEncoding = 4; lastKnownFileType = text.json; path = GetVouchers.json; sourceTree = "<group>"; };
		AF11147329C2043E00CAF30D /* VoucherPickerView.swift */ = {isa = PBXFileReference; lastKnownFileType = sourcecode.swift; path = VoucherPickerView.swift; sourceTree = "<group>"; };
		AF11147529C20DAD00CAF30D /* PaymentDetailsView.swift */ = {isa = PBXFileReference; lastKnownFileType = sourcecode.swift; path = PaymentDetailsView.swift; sourceTree = "<group>"; };
		AF11147729C20EBB00CAF30D /* OrderVoucherView.swift */ = {isa = PBXFileReference; lastKnownFileType = sourcecode.swift; path = OrderVoucherView.swift; sourceTree = "<group>"; };
		AF11147929C218F000CAF30D /* AmountPayableView.swift */ = {isa = PBXFileReference; lastKnownFileType = sourcecode.swift; path = AmountPayableView.swift; sourceTree = "<group>"; };
		AF11147B29C21CB300CAF30D /* PaymentCardView.swift */ = {isa = PBXFileReference; lastKnownFileType = sourcecode.swift; path = PaymentCardView.swift; sourceTree = "<group>"; };
		AF11147D29C2230800CAF30D /* PaymentCardTextField.swift */ = {isa = PBXFileReference; lastKnownFileType = sourcecode.swift; path = PaymentCardTextField.swift; sourceTree = "<group>"; };
		AF27C5AB2981118D008C7D79 /* LoyaltyTextField.swift */ = {isa = PBXFileReference; fileEncoding = 4; lastKnownFileType = sourcecode.swift; path = LoyaltyTextField.swift; sourceTree = "<group>"; };
/* End PBXFileReference section */

/* Begin PBXFrameworksBuildPhase section */
		216F217828B6141E00DAA66D /* Frameworks */ = {
			isa = PBXFrameworksBuildPhase;
			buildActionMask = 2147483647;
			files = (
				2920609529523C9C006B20C1 /* LoyaltyMobileSDK in Frameworks */,
				2906B1E22900BA8A006EAB2D /* FirebaseAuth in Frameworks */,
				2906B1E6290127F5006EAB2D /* FirebaseFirestore in Frameworks */,
				2906B1E8290127FD006EAB2D /* FirebaseFirestoreSwift in Frameworks */,
			);
			runOnlyForDeploymentPostprocessing = 0;
		};
/* End PBXFrameworksBuildPhase section */

/* Begin PBXGroup section */
		216A9CBF28BDD8A1007881FE /* ViewModels */ = {
			isa = PBXGroup;
			children = (
				299B38CF28E3DECE00E45D97 /* AppRootViewModel.swift */,
				216A9CC028BDD958007881FE /* BenefitViewModel.swift */,
				298613CF28CBC12A00BDC744 /* ProfileViewModel.swift */,
				29B427D529109E60009CC587 /* PromotionViewModel.swift */,
				29B427D329109095009CC587 /* TransactionViewModel.swift */,
				290EA9C0292C0ACF00BBF2F2 /* VoucherViewModel.swift */,
				294E341D293C39E6001F7F48 /* ImageViewModel.swift */,
			);
			path = ViewModels;
			sourceTree = "<group>";
		};
		216F217228B6141E00DAA66D = {
			isa = PBXGroup;
			children = (
				2920609229523C0B006B20C1 /* Packages */,
				216F218C28B6145200DAA66D /* GoogleService-Info.plist */,
				216F217D28B6141E00DAA66D /* MyNTORewards */,
				216F217C28B6141E00DAA66D /* Products */,
				2906B1D728FF60A3006EAB2D /* Frameworks */,
			);
			sourceTree = "<group>";
		};
		216F217C28B6141E00DAA66D /* Products */ = {
			isa = PBXGroup;
			children = (
				216F217B28B6141E00DAA66D /* MyNTORewards.app */,
			);
			name = Products;
			sourceTree = "<group>";
		};
		216F217D28B6141E00DAA66D /* MyNTORewards */ = {
			isa = PBXGroup;
			children = (
				298613AC28C964D900BDC744 /* Info.plist */,
				298D5EE829CCF4C20062F16E /* ForceSwift+Extra */,
				2963770B29C10CFB00D45AB6 /* SOQL */,
				2944F87F28B98C2C0098ED1B /* Extensions */,
				2984C93D2954F091009669EF /* Utilities */,
				290FBB41294A8C460038D47A /* Misc */,
				2944F88228B98D420098ED1B /* Models */,
				216A9CBF28BDD8A1007881FE /* ViewModels */,
				296D393828DCE9890078C88E /* UICompnents */,
				216F219328B6186400DAA66D /* Views */,
				2906B1E92901D97E006EAB2D /* JSONFiles */,
				216F218E28B6148800DAA66D /* AppViewRouter.swift */,
				216F217E28B6141E00DAA66D /* MyNTORewardsApp.swift */,
				298C66492980743B00C613D8 /* AppDelegate.swift */,
				2944F88928B9A7220098ED1B /* AppConstants.swift */,
				218A36A728B85B7900FCEE39 /* Assets.xcassets */,
				298613A928C9638400BDC744 /* Fonts */,
				216F218428B6141F00DAA66D /* Preview Content */,
				298613D528CC275500BDC744 /* Salesforce.json */,
			);
			path = MyNTORewards;
			sourceTree = "<group>";
		};
		216F218428B6141F00DAA66D /* Preview Content */ = {
			isa = PBXGroup;
			children = (
				216F218528B6141F00DAA66D /* Preview Assets.xcassets */,
			);
			path = "Preview Content";
			sourceTree = "<group>";
		};
		216F219328B6186400DAA66D /* Views */ = {
			isa = PBXGroup;
			children = (
				216F219428B6188600DAA66D /* AppRootView.swift */,
				296D393428DBCFFB0078C88E /* OnboardingCardView.swift */,
				296D393228DBCE050078C88E /* OnboardingView.swift */,
				216F219628B618AD00DAA66D /* SignUpView.swift */,
				216F219828B618BB00DAA66D /* SignInView.swift */,
				29AB2E1B28E2763700D4B32C /* SheetHeader.swift */,
				299B38D928EB597700E45D97 /* ResetPasswordView.swift */,
				299B38DB28EB7F7000E45D97 /* CheckYourEmailView.swift */,
				299B38DD28EB8D4900E45D97 /* CreateNewPasswordView.swift */,
				299B38D328E5F78400E45D97 /* CongratsView.swift */,
				218A36A928B85CA500FCEE39 /* BottomNavTabsView.swift */,
				216F219A28B618C700DAA66D /* HomeView.swift */,
				218A36B428B85E4C00FCEE39 /* BenefitView.swift */,
				29AC2F0628F8B70D003F56F6 /* AllBenefitsView.swift */,
				218A36B128B85DA400FCEE39 /* ProfileView.swift */,
				29BAF6FD28F63A5800A3F9EB /* RewardPointsCardView.swift */,
				29BAF6FF28F756E500A3F9EB /* QRCodeView.swift */,
				218A36AF28B85D9200FCEE39 /* RedeemView.swift */,
				218A36AD28B85D6000FCEE39 /* FavoriteView.swift */,
				29BAF6E028F3EEA000A3F9EB /* MyPromotionCardView.swift */,
				290EA9C4292C4DA500BBF2F2 /* MyPromotionDetailView.swift */,
				218A36AB28B85D5500FCEE39 /* MyPromotionsView.swift */,
				298613A528C7D3B400BDC744 /* MoreView.swift */,
				29BAF6D428F14E4400A3F9EB /* PromotionCardView.swift */,
				29BAF6D228F103B500A3F9EB /* PromotionCarouselView.swift */,
				29BAF6D628F15CF300A3F9EB /* RedeemCardView.swift */,
				29BAF6D828F1642000A3F9EB /* RedeemPointsView.swift */,
				29AC2F0428F8B6E6003F56F6 /* AllRedeemPointsView.swift */,
				29BAF6E228F4824B00A3F9EB /* VoucherCardView.swift */,
				29BAF6F028F5D6D600A3F9EB /* VoucherDetailView.swift */,
				29BAF6E428F485DA00A3F9EB /* VouchersView.swift */,
				29BAF6E628F4BE5A00A3F9EB /* AllVouchersView.swift */,
				29BAF6E828F4CA1000A3F9EB /* TransactionCardView.swift */,
				29BAF6EA28F4D24500A3F9EB /* TransactionsView.swift */,
				29BAF70128F78FA300A3F9EB /* AllTransactionsView.swift */,
				29BAF6EC28F4DE1C00A3F9EB /* BadgeCardView.swift */,
				29BAF6EE28F4E27400A3F9EB /* BadgesView.swift */,
				29AC2F0828F8B724003F56F6 /* AllBadgesView.swift */,
				3FE7193329BB6DEC0087A49F /* Checkout */,
			);
			path = Views;
			sourceTree = "<group>";
		};
		2906B1D728FF60A3006EAB2D /* Frameworks */ = {
			isa = PBXGroup;
			children = (
			);
			name = Frameworks;
			sourceTree = "<group>";
		};
		2906B1E92901D97E006EAB2D /* JSONFiles */ = {
			isa = PBXGroup;
			children = (
				3FFE1C9A29A29FF900F43253 /* UnenrollPromotion.json */,
				3FFE1C9C29A37D5300F43253 /* GetVouchers.json */,
				2906B1F02901E1A4006EAB2D /* Vouchers.json */,
				2906B1F22901E218006EAB2D /* Promotions.json */,
				2906B1F42901E308006EAB2D /* Transactions.json */,
				2906B1F62901E3EA006EAB2D /* Benefits.json */,
				290EA9B82926F1A700BBF2F2 /* Profile.json */,
			);
			path = JSONFiles;
			sourceTree = "<group>";
		};
		290FBB41294A8C460038D47A /* Misc */ = {
			isa = PBXGroup;
			children = (
				2941A23E28BE803F005026CF /* Color.swift */,
				2906B1D528FF5E88006EAB2D /* FirestoreManager.swift */,
				292ADC6D294BFD7700753541 /* PreviewProvider.swift */,
			);
			path = Misc;
			sourceTree = "<group>";
		};
		2920609229523C0B006B20C1 /* Packages */ = {
			isa = PBXGroup;
			children = (
				2920609329523C0B006B20C1 /* LoyaltyMobileSDK-iOS */,
			);
			name = Packages;
			sourceTree = "<group>";
		};
		2944F87F28B98C2C0098ED1B /* Extensions */ = {
			isa = PBXGroup;
			children = (
				298D5EF729CCFFD00062F16E /* UserDefaults.swift */,
				299B38E328EE040900E45D97 /* UIApplication+DismissKeyboard.swift */,
				29BAF6DC28F3AE8B00A3F9EB /* String+StringWidth.swift */,
				29A39BC22937F46D005833C2 /* String+MD5.swift */,
			);
			path = Extensions;
			sourceTree = "<group>";
		};
		2944F88228B98D420098ED1B /* Models */ = {
			isa = PBXGroup;
			children = (
				296D393028DBCB530078C88E /* OnboardingModel.swift */,
				299B38E128ED24B900E45D97 /* PasswordResetModel.swift */,
				2906B1D328FF5031006EAB2D /* MemberModel.swift */,
				292ADC6F294C03D900753541 /* PromotionModel+Image.swift */,
				292ADC71294C04AB00753541 /* VocherModel+VoucherValue.swift */,
				292ADC73294C055200753541 /* TransactionHistory+CurrencyPoints.swift */,
				292ADC75294C064600753541 /* ProfileModel+CurrencyPoints.swift */,
			);
			path = Models;
			sourceTree = "<group>";
		};
		2963770B29C10CFB00D45AB6 /* SOQL */ = {
			isa = PBXGroup;
			children = (
				2963771029C10D4000D45AB6 /* SOQLModels */,
				2963770D29C10D2400D45AB6 /* ForceClient+SOQL.swift */,
				2963770C29C10D2400D45AB6 /* ForceClient+SOSL.swift */,
			);
			path = SOQL;
			sourceTree = "<group>";
		};
		2963771029C10D4000D45AB6 /* SOQLModels */ = {
			isa = PBXGroup;
			children = (
				2963771229C10D6200D45AB6 /* Address.swift */,
				2963771129C10D6200D45AB6 /* QueryResult.swift */,
				2963771329C10D6200D45AB6 /* Record.swift */,
			);
			path = SOQLModels;
			sourceTree = "<group>";
		};
		296D393828DCE9890078C88E /* UICompnents */ = {
			isa = PBXGroup;
			children = (
				298613AD28C9652300BDC744 /* FontStyles.swift */,
				296D393D28DE1EFF0078C88E /* ButtonStyles.swift */,
				296D393F28DE59240078C88E /* TextFieldStyles.swift */,
				AF27C5AB2981118D008C7D79 /* LoyaltyTextField.swift */,
				296D394128DE76A40078C88E /* RevealableSecureField.swift */,
				299B38C928E365AD00E45D97 /* HalfSheet.swift */,
				299B38D728E796BC00E45D97 /* FullSheet.swift */,
				29BAF6CE28F0FC3A00A3F9EB /* CornerRadiusStyle.swift */,
				29BAF6D028F1032800A3F9EB /* Carousel.swift */,
				29BAF6DE28F3ECA600A3F9EB /* TopTabBar.swift */,
				29AC2EF728F88FAB003F56F6 /* LoyaltyNavigationLink */,
				2906B1DA28FF7348006EAB2D /* CheckboxStyle.swift */,
				29053F7C2907452800F84561 /* Assets.swift */,
				290EA9BC2928ADB700BBF2F2 /* ViewAllView.swift */,
				29367605293209CB00E09A6D /* CachedAsyncImage.swift */,
				29D7497B2931D10100BC81AD /* AsyncImageView.swift */,
				29A39BC02937C699005833C2 /* AsyncImageWithAuth.swift */,
				29A39BC429397B98005833C2 /* EmptyStateView.swift */,
				29FEDDF1294293BF0014BEBA /* UITabView.swift */,
			);
			path = UICompnents;
			sourceTree = "<group>";
		};
		2984C93D2954F091009669EF /* Utilities */ = {
			isa = PBXGroup;
			children = (
				2984C93F2954F091009669EF /* LocalFileManager */,
				2984C93E2954F091009669EF /* LoyaltyUtilities.swift */,
			);
			path = Utilities;
			sourceTree = "<group>";
		};
		2984C93F2954F091009669EF /* LocalFileManager */ = {
			isa = PBXGroup;
			children = (
				2984C9402954F091009669EF /* LocalFileManager.swift */,
				2984C9412954F091009669EF /* Entry.swift */,
				2984C9422954F091009669EF /* Expiry.swift */,
				2984C9432954F091009669EF /* Date+Extensions.swift */,
			);
			path = LocalFileManager;
			sourceTree = "<group>";
		};
		298613A928C9638400BDC744 /* Fonts */ = {
			isa = PBXGroup;
			children = (
				298613AF28C9698D00BDC744 /* SF-Pro.ttf */,
				298613B128CA8A9600BDC744 /* Archivo-Regular.ttf */,
				298613C928CBBFA200BDC744 /* Archivo-Bold.ttf */,
				29AC2F0228F8B2D7003F56F6 /* Roboto-Regular.ttf */,
			);
			path = Fonts;
			sourceTree = "<group>";
		};
		298D5EE829CCF4C20062F16E /* ForceSwift+Extra */ = {
			isa = PBXGroup;
			children = (
				298D5EEB29CCF5340062F16E /* ForceAuth.swift */,
				298D5EE929CCF5340062F16E /* ForceAuthManager.swift */,
				298D5EEA29CCF5340062F16E /* ForceAuthStore.swift */,
				298D5EEF29CCF94D0062F16E /* ForceUserIdentifier.swift */,
				298D5EF029CCF94D0062F16E /* Keychain.swift */,
				298D5EF129CCF94D0062F16E /* WebAuthenticationSession.swift */,
				298D5EF529CCFCE60062F16E /* ForceRequest+Auth.swift */,
			);
			path = "ForceSwift+Extra";
			sourceTree = "<group>";
		};
		29AC2EF728F88FAB003F56F6 /* LoyaltyNavigationLink */ = {
			isa = PBXGroup;
			children = (
				29AC2EF828F8901A003F56F6 /* LoyaltyNavBarView.swift */,
				29AC2EFA28F8959E003F56F6 /* LoyaltyNavBarContainerView.swift */,
				29AC2EFE28F896C2003F56F6 /* LoyaltyNavBarPreferenceKeys.swift */,
				29AC2F0028F89EBE003F56F6 /* LoyaltyNavLink.swift */,
			);
			path = LoyaltyNavigationLink;
			sourceTree = "<group>";
		};
		3FE7193329BB6DEC0087A49F /* Checkout */ = {
			isa = PBXGroup;
			children = (
				3FE7194129C08AE70087A49F /* Product */,
				3FE7194329C08F670087A49F /* Order */,
				3FA331E029D2E63E00331529 /* OrderDetailsViewModel.swift */,
			);
			path = Checkout;
			sourceTree = "<group>";
		};
		3FE7194029C08AD40087A49F /* Components */ = {
			isa = PBXGroup;
			children = (
				3FE7192D29BAD8FB0087A49F /* AvailableColorsView.swift */,
				3F1B162929B6162B0093F75F /* StarRatingView.swift */,
				3FE7192F29BAE6900087A49F /* QuantityView.swift */,
				3F466A3629B9DD3D000F328D /* SizeSelectorView.swift */,
				3FE7194529C09D5F0087A49F /* NavigationBarView.swift */,
			);
			path = Components;
			sourceTree = "<group>";
		};
		3FE7194129C08AE70087A49F /* Product */ = {
			isa = PBXGroup;
			children = (
				3FE7194029C08AD40087A49F /* Components */,
				3F718AD729BA35BD0019B70F /* ProductView.swift */,
				3F718AD329BA244B0019B70F /* ProductImagesView.swift */,
				3F718AD529BA2DFA0019B70F /* ProductHeaderView.swift */,
				3FE7193129BB6A5D0087A49F /* ProductDetailsView.swift */,
				3FE7193429BB6E020087A49F /* ProductReviewView.swift */,
				3FE7193629BB6E2F0087A49F /* ProductTermsAndConditionsView.swift */,
			);
			path = Product;
			sourceTree = "<group>";
		};
		3FE7194329C08F670087A49F /* Order */ = {
			isa = PBXGroup;
			children = (
				3FE7193829BB8C110087A49F /* OrderDetailsView.swift */,
				AF11147D29C2230800CAF30D /* PaymentCardTextField.swift */,
				AF11147529C20DAD00CAF30D /* PaymentDetailsView.swift */,
				AF11147329C2043E00CAF30D /* VoucherPickerView.swift */,
				AF11147B29C21CB300CAF30D /* PaymentCardView.swift */,
				3FE7193A29BB8F4F0087A49F /* ShippingDetailsView.swift */,
				AF11147729C20EBB00CAF30D /* OrderVoucherView.swift */,
				AF11147929C218F000CAF30D /* AmountPayableView.swift */,
				3FE7193C29BB90C30087A49F /* AddressView.swift */,
				3FE7193E29BEFD3A0087A49F /* OrderPlacedView.swift */,
			);
			path = Order;
			sourceTree = "<group>";
		};
/* End PBXGroup section */

/* Begin PBXNativeTarget section */
		216F217A28B6141E00DAA66D /* MyNTORewards */ = {
			isa = PBXNativeTarget;
			buildConfigurationList = 216F218928B6141F00DAA66D /* Build configuration list for PBXNativeTarget "MyNTORewards" */;
			buildPhases = (
				216F217728B6141E00DAA66D /* Sources */,
				216F217828B6141E00DAA66D /* Frameworks */,
				216F217928B6141E00DAA66D /* Resources */,
			);
			buildRules = (
			);
			dependencies = (
			);
			name = MyNTORewards;
			packageProductDependencies = (
				2906B1E12900BA8A006EAB2D /* FirebaseAuth */,
				2906B1E5290127F5006EAB2D /* FirebaseFirestore */,
				2906B1E7290127FD006EAB2D /* FirebaseFirestoreSwift */,
				2920609429523C9C006B20C1 /* LoyaltyMobileSDK */,
			);
			productName = LoyaltyStarter;
			productReference = 216F217B28B6141E00DAA66D /* MyNTORewards.app */;
			productType = "com.apple.product-type.application";
		};
/* End PBXNativeTarget section */

/* Begin PBXProject section */
		216F217328B6141E00DAA66D /* Project object */ = {
			isa = PBXProject;
			attributes = {
				BuildIndependentTargetsInParallel = 1;
				LastSwiftUpdateCheck = 1340;
				LastUpgradeCheck = 1340;
				TargetAttributes = {
					216F217A28B6141E00DAA66D = {
						CreatedOnToolsVersion = 13.4.1;
					};
				};
			};
			buildConfigurationList = 216F217628B6141E00DAA66D /* Build configuration list for PBXProject "MyNTORewards" */;
			compatibilityVersion = "Xcode 13.0";
			developmentRegion = en;
			hasScannedForEncodings = 0;
			knownRegions = (
				en,
				Base,
			);
			mainGroup = 216F217228B6141E00DAA66D;
			packageReferences = (
				2906B1E02900B1DA006EAB2D /* XCRemoteSwiftPackageReference "firebase-ios-sdk" */,
			);
			productRefGroup = 216F217C28B6141E00DAA66D /* Products */;
			projectDirPath = "";
			projectRoot = "";
			targets = (
				216F217A28B6141E00DAA66D /* MyNTORewards */,
			);
		};
/* End PBXProject section */

/* Begin PBXResourcesBuildPhase section */
		216F217928B6141E00DAA66D /* Resources */ = {
			isa = PBXResourcesBuildPhase;
			buildActionMask = 2147483647;
			files = (
				298613CA28CBBFA200BDC744 /* Archivo-Bold.ttf in Resources */,
				290EA9B92926F1A700BBF2F2 /* Profile.json in Resources */,
				3FFE1C9B29A29FF900F43253 /* UnenrollPromotion.json in Resources */,
				216F218628B6141F00DAA66D /* Preview Assets.xcassets in Resources */,
				29AC2F0328F8B2D7003F56F6 /* Roboto-Regular.ttf in Resources */,
				2906B1F12901E1A4006EAB2D /* Vouchers.json in Resources */,
				218A36A828B85B7900FCEE39 /* Assets.xcassets in Resources */,
				2906B1F72901E3EB006EAB2D /* Benefits.json in Resources */,
				3FFE1C9D29A37D5300F43253 /* GetVouchers.json in Resources */,
				216F218D28B6145200DAA66D /* GoogleService-Info.plist in Resources */,
				298613B228CA8A9600BDC744 /* Archivo-Regular.ttf in Resources */,
				298613B028C9698D00BDC744 /* SF-Pro.ttf in Resources */,
				298613D628CC275500BDC744 /* Salesforce.json in Resources */,
				2906B1F52901E308006EAB2D /* Transactions.json in Resources */,
				2906B1F32901E218006EAB2D /* Promotions.json in Resources */,
			);
			runOnlyForDeploymentPostprocessing = 0;
		};
/* End PBXResourcesBuildPhase section */

/* Begin PBXSourcesBuildPhase section */
		216F217728B6141E00DAA66D /* Sources */ = {
			isa = PBXSourcesBuildPhase;
			buildActionMask = 2147483647;
			files = (
				29AC2EF928F8901A003F56F6 /* LoyaltyNavBarView.swift in Sources */,
				2984C9482954F091009669EF /* Date+Extensions.swift in Sources */,
				299B38DE28EB8D4900E45D97 /* CreateNewPasswordView.swift in Sources */,
				29B427D629109E60009CC587 /* PromotionViewModel.swift in Sources */,
				29AC2EFB28F8959E003F56F6 /* LoyaltyNavBarContainerView.swift in Sources */,
				2963771429C10D6200D45AB6 /* QueryResult.swift in Sources */,
				216F219928B618BB00DAA66D /* SignInView.swift in Sources */,
				3F718AD429BA244B0019B70F /* ProductImagesView.swift in Sources */,
				299B38D428E5F78400E45D97 /* CongratsView.swift in Sources */,
				29BAF6E328F4824B00A3F9EB /* VoucherCardView.swift in Sources */,
				299B38DA28EB597700E45D97 /* ResetPasswordView.swift in Sources */,
				298D5EF329CCF94D0062F16E /* ForceUserIdentifier.swift in Sources */,
				299B38E228ED24B900E45D97 /* PasswordResetModel.swift in Sources */,
				3FE7193529BB6E020087A49F /* ProductReviewView.swift in Sources */,
				292ADC74294C055200753541 /* TransactionHistory+CurrencyPoints.swift in Sources */,
				292ADC72294C04AB00753541 /* VocherModel+VoucherValue.swift in Sources */,
				AF11147829C20EBB00CAF30D /* OrderVoucherView.swift in Sources */,
				AF11147429C2043E00CAF30D /* VoucherPickerView.swift in Sources */,
				292ADC6E294BFD7700753541 /* PreviewProvider.swift in Sources */,
				29367606293209CB00E09A6D /* CachedAsyncImage.swift in Sources */,
				29AC2F0928F8B724003F56F6 /* AllBadgesView.swift in Sources */,
				3FA331E129D2E63E00331529 /* OrderDetailsViewModel.swift in Sources */,
				294E341E293C39E6001F7F48 /* ImageViewModel.swift in Sources */,
				29BAF6E728F4BE5A00A3F9EB /* AllVouchersView.swift in Sources */,
				218A36AA28B85CA500FCEE39 /* BottomNavTabsView.swift in Sources */,
				298D5EF629CCFCE60062F16E /* ForceRequest+Auth.swift in Sources */,
				216F219B28B618C700DAA66D /* HomeView.swift in Sources */,
				298613D028CBC12A00BDC744 /* ProfileViewModel.swift in Sources */,
				2984C9442954F091009669EF /* LoyaltyUtilities.swift in Sources */,
				29BAF6F128F5D6D600A3F9EB /* VoucherDetailView.swift in Sources */,
				AF11147E29C2230800CAF30D /* PaymentCardTextField.swift in Sources */,
				29BAF6D528F14E4400A3F9EB /* PromotionCardView.swift in Sources */,
				216F218F28B6148800DAA66D /* AppViewRouter.swift in Sources */,
				2941A23F28BE803F005026CF /* Color.swift in Sources */,
				296D393328DBCE050078C88E /* OnboardingView.swift in Sources */,
				2906B1D628FF5E88006EAB2D /* FirestoreManager.swift in Sources */,
				218A36B528B85E4C00FCEE39 /* BenefitView.swift in Sources */,
				298D5EED29CCF5340062F16E /* ForceAuthStore.swift in Sources */,
				290EA9BD2928ADB700BBF2F2 /* ViewAllView.swift in Sources */,
				3FE7193229BB6A5D0087A49F /* ProductDetailsView.swift in Sources */,
				298D5EEE29CCF5340062F16E /* ForceAuth.swift in Sources */,
				298C664A2980743B00C613D8 /* AppDelegate.swift in Sources */,
				29BAF70028F756E500A3F9EB /* QRCodeView.swift in Sources */,
				299B38D828E796BC00E45D97 /* FullSheet.swift in Sources */,
				216F219728B618AD00DAA66D /* SignUpView.swift in Sources */,
				29BAF70228F78FA400A3F9EB /* AllTransactionsView.swift in Sources */,
				296D393528DBCFFB0078C88E /* OnboardingCardView.swift in Sources */,
				29BAF6D728F15CF300A3F9EB /* RedeemCardView.swift in Sources */,
				292ADC70294C03D900753541 /* PromotionModel+Image.swift in Sources */,
				3FE7193029BAE6900087A49F /* QuantityView.swift in Sources */,
				216F219528B6188600DAA66D /* AppRootView.swift in Sources */,
				292ADC76294C064600753541 /* ProfileModel+CurrencyPoints.swift in Sources */,
				290EA9C5292C4DA500BBF2F2 /* MyPromotionDetailView.swift in Sources */,
				298613A628C7D3B400BDC744 /* MoreView.swift in Sources */,
				2963770F29C10D2400D45AB6 /* ForceClient+SOQL.swift in Sources */,
				216F217F28B6141E00DAA66D /* MyNTORewardsApp.swift in Sources */,
				29AC2F0528F8B6E6003F56F6 /* AllRedeemPointsView.swift in Sources */,
				29AC2F0128F89EBE003F56F6 /* LoyaltyNavLink.swift in Sources */,
				218A36AE28B85D6000FCEE39 /* FavoriteView.swift in Sources */,
				29A39BC32937F46D005833C2 /* String+MD5.swift in Sources */,
				299B38E428EE040900E45D97 /* UIApplication+DismissKeyboard.swift in Sources */,
				298613AE28C9652300BDC744 /* FontStyles.swift in Sources */,
				2963771629C10D6200D45AB6 /* Record.swift in Sources */,
				299B38CA28E365AD00E45D97 /* HalfSheet.swift in Sources */,
				298D5EF829CCFFD00062F16E /* UserDefaults.swift in Sources */,
				29BAF6E528F485DA00A3F9EB /* VouchersView.swift in Sources */,
				298D5EF229CCF94D0062F16E /* WebAuthenticationSession.swift in Sources */,
				216A9CC128BDD958007881FE /* BenefitViewModel.swift in Sources */,
				29FEDDF2294293BF0014BEBA /* UITabView.swift in Sources */,
				3FE7193F29BEFD3A0087A49F /* OrderPlacedView.swift in Sources */,
				2944F88A28B9A7220098ED1B /* AppConstants.swift in Sources */,
				3FE7194629C09D5F0087A49F /* NavigationBarView.swift in Sources */,
				296D394228DE76A40078C88E /* RevealableSecureField.swift in Sources */,
				29BAF6DD28F3AE8B00A3F9EB /* String+StringWidth.swift in Sources */,
				AF11147629C20DAD00CAF30D /* PaymentDetailsView.swift in Sources */,
				3F466A3729B9DD3D000F328D /* SizeSelectorView.swift in Sources */,
				2963771529C10D6200D45AB6 /* Address.swift in Sources */,
				29BAF6E128F3EEA000A3F9EB /* MyPromotionCardView.swift in Sources */,
				3FE7193729BB6E2F0087A49F /* ProductTermsAndConditionsView.swift in Sources */,
				29BAF6EB28F4D24500A3F9EB /* TransactionsView.swift in Sources */,
				2984C9472954F091009669EF /* Expiry.swift in Sources */,
				3FE7193D29BB90C30087A49F /* AddressView.swift in Sources */,
				299B38DC28EB7F7000E45D97 /* CheckYourEmailView.swift in Sources */,
				AF27C5AC2981118D008C7D79 /* LoyaltyTextField.swift in Sources */,
				29BAF6EF28F4E27400A3F9EB /* BadgesView.swift in Sources */,
				AF11147C29C21CB300CAF30D /* PaymentCardView.swift in Sources */,
				298D5EF429CCF94D0062F16E /* Keychain.swift in Sources */,
				218A36B028B85D9200FCEE39 /* RedeemView.swift in Sources */,
				29BAF6ED28F4DE1C00A3F9EB /* BadgeCardView.swift in Sources */,
				29A39BC529397B98005833C2 /* EmptyStateView.swift in Sources */,
				29BAF6D328F103B600A3F9EB /* PromotionCarouselView.swift in Sources */,
				29BAF6DF28F3ECA600A3F9EB /* TopTabBar.swift in Sources */,
				29A39BC12937C699005833C2 /* AsyncImageWithAuth.swift in Sources */,
				2963770E29C10D2400D45AB6 /* ForceClient+SOSL.swift in Sources */,
				290EA9C1292C0ACF00BBF2F2 /* VoucherViewModel.swift in Sources */,
				296D393E28DE1EFF0078C88E /* ButtonStyles.swift in Sources */,
				3F1B162A29B6162B0093F75F /* StarRatingView.swift in Sources */,
				2984C9462954F091009669EF /* Entry.swift in Sources */,
				296D393128DBCB530078C88E /* OnboardingModel.swift in Sources */,
				29BAF6D928F1642000A3F9EB /* RedeemPointsView.swift in Sources */,
				29BAF6E928F4CA1000A3F9EB /* TransactionCardView.swift in Sources */,
				218A36B228B85DA400FCEE39 /* ProfileView.swift in Sources */,
				29BAF6CF28F0FC3A00A3F9EB /* CornerRadiusStyle.swift in Sources */,
				2906B1DB28FF7348006EAB2D /* CheckboxStyle.swift in Sources */,
				298D5EEC29CCF5340062F16E /* ForceAuthManager.swift in Sources */,
				2984C9452954F091009669EF /* LocalFileManager.swift in Sources */,
				3F718AD829BA35BD0019B70F /* ProductView.swift in Sources */,
				AF11147A29C218F000CAF30D /* AmountPayableView.swift in Sources */,
				29053F7D2907452800F84561 /* Assets.swift in Sources */,
				29AC2F0728F8B70D003F56F6 /* AllBenefitsView.swift in Sources */,
				3F718AD629BA2DFA0019B70F /* ProductHeaderView.swift in Sources */,
				29D7497C2931D10100BC81AD /* AsyncImageView.swift in Sources */,
				218A36AC28B85D5500FCEE39 /* MyPromotionsView.swift in Sources */,
				29BAF6FE28F63A5800A3F9EB /* RewardPointsCardView.swift in Sources */,
				299B38D028E3DECE00E45D97 /* AppRootViewModel.swift in Sources */,
				29B427D429109095009CC587 /* TransactionViewModel.swift in Sources */,
				3FE7193B29BB8F4F0087A49F /* ShippingDetailsView.swift in Sources */,
				3FE7193929BB8C110087A49F /* OrderDetailsView.swift in Sources */,
				3FE7194429C09B9C0087A49F /* AvailableColorsView.swift in Sources */,
				29AC2EFF28F896C2003F56F6 /* LoyaltyNavBarPreferenceKeys.swift in Sources */,
				29BAF6D128F1032800A3F9EB /* Carousel.swift in Sources */,
				29AB2E1C28E2763700D4B32C /* SheetHeader.swift in Sources */,
				296D394028DE59240078C88E /* TextFieldStyles.swift in Sources */,
				2906B1D428FF5031006EAB2D /* MemberModel.swift in Sources */,
			);
			runOnlyForDeploymentPostprocessing = 0;
		};
/* End PBXSourcesBuildPhase section */

/* Begin XCBuildConfiguration section */
		216F218728B6141F00DAA66D /* Debug */ = {
			isa = XCBuildConfiguration;
			buildSettings = {
				ALWAYS_SEARCH_USER_PATHS = NO;
				CLANG_ANALYZER_NONNULL = YES;
				CLANG_ANALYZER_NUMBER_OBJECT_CONVERSION = YES_AGGRESSIVE;
				CLANG_CXX_LANGUAGE_STANDARD = "gnu++17";
				CLANG_ENABLE_MODULES = YES;
				CLANG_ENABLE_OBJC_ARC = YES;
				CLANG_ENABLE_OBJC_WEAK = YES;
				CLANG_WARN_BLOCK_CAPTURE_AUTORELEASING = YES;
				CLANG_WARN_BOOL_CONVERSION = YES;
				CLANG_WARN_COMMA = YES;
				CLANG_WARN_CONSTANT_CONVERSION = YES;
				CLANG_WARN_DEPRECATED_OBJC_IMPLEMENTATIONS = YES;
				CLANG_WARN_DIRECT_OBJC_ISA_USAGE = YES_ERROR;
				CLANG_WARN_DOCUMENTATION_COMMENTS = YES;
				CLANG_WARN_EMPTY_BODY = YES;
				CLANG_WARN_ENUM_CONVERSION = YES;
				CLANG_WARN_INFINITE_RECURSION = YES;
				CLANG_WARN_INT_CONVERSION = YES;
				CLANG_WARN_NON_LITERAL_NULL_CONVERSION = YES;
				CLANG_WARN_OBJC_IMPLICIT_RETAIN_SELF = YES;
				CLANG_WARN_OBJC_LITERAL_CONVERSION = YES;
				CLANG_WARN_OBJC_ROOT_CLASS = YES_ERROR;
				CLANG_WARN_QUOTED_INCLUDE_IN_FRAMEWORK_HEADER = YES;
				CLANG_WARN_RANGE_LOOP_ANALYSIS = YES;
				CLANG_WARN_STRICT_PROTOTYPES = YES;
				CLANG_WARN_SUSPICIOUS_MOVE = YES;
				CLANG_WARN_UNGUARDED_AVAILABILITY = YES_AGGRESSIVE;
				CLANG_WARN_UNREACHABLE_CODE = YES;
				CLANG_WARN__DUPLICATE_METHOD_MATCH = YES;
				COPY_PHASE_STRIP = NO;
				DEBUG_INFORMATION_FORMAT = dwarf;
				ENABLE_STRICT_OBJC_MSGSEND = YES;
				ENABLE_TESTABILITY = YES;
				GCC_C_LANGUAGE_STANDARD = gnu11;
				GCC_DYNAMIC_NO_PIC = NO;
				GCC_NO_COMMON_BLOCKS = YES;
				GCC_OPTIMIZATION_LEVEL = 0;
				GCC_PREPROCESSOR_DEFINITIONS = (
					"DEBUG=1",
					"$(inherited)",
				);
				GCC_WARN_64_TO_32_BIT_CONVERSION = YES;
				GCC_WARN_ABOUT_RETURN_TYPE = YES_ERROR;
				GCC_WARN_UNDECLARED_SELECTOR = YES;
				GCC_WARN_UNINITIALIZED_AUTOS = YES_AGGRESSIVE;
				GCC_WARN_UNUSED_FUNCTION = YES;
				GCC_WARN_UNUSED_VARIABLE = YES;
				IPHONEOS_DEPLOYMENT_TARGET = 15.0;
				MTL_ENABLE_DEBUG_INFO = INCLUDE_SOURCE;
				MTL_FAST_MATH = YES;
				ONLY_ACTIVE_ARCH = YES;
				SDKROOT = iphoneos;
				SWIFT_ACTIVE_COMPILATION_CONDITIONS = DEBUG;
				SWIFT_OPTIMIZATION_LEVEL = "-Onone";
			};
			name = Debug;
		};
		216F218828B6141F00DAA66D /* Release */ = {
			isa = XCBuildConfiguration;
			buildSettings = {
				ALWAYS_SEARCH_USER_PATHS = NO;
				CLANG_ANALYZER_NONNULL = YES;
				CLANG_ANALYZER_NUMBER_OBJECT_CONVERSION = YES_AGGRESSIVE;
				CLANG_CXX_LANGUAGE_STANDARD = "gnu++17";
				CLANG_ENABLE_MODULES = YES;
				CLANG_ENABLE_OBJC_ARC = YES;
				CLANG_ENABLE_OBJC_WEAK = YES;
				CLANG_WARN_BLOCK_CAPTURE_AUTORELEASING = YES;
				CLANG_WARN_BOOL_CONVERSION = YES;
				CLANG_WARN_COMMA = YES;
				CLANG_WARN_CONSTANT_CONVERSION = YES;
				CLANG_WARN_DEPRECATED_OBJC_IMPLEMENTATIONS = YES;
				CLANG_WARN_DIRECT_OBJC_ISA_USAGE = YES_ERROR;
				CLANG_WARN_DOCUMENTATION_COMMENTS = YES;
				CLANG_WARN_EMPTY_BODY = YES;
				CLANG_WARN_ENUM_CONVERSION = YES;
				CLANG_WARN_INFINITE_RECURSION = YES;
				CLANG_WARN_INT_CONVERSION = YES;
				CLANG_WARN_NON_LITERAL_NULL_CONVERSION = YES;
				CLANG_WARN_OBJC_IMPLICIT_RETAIN_SELF = YES;
				CLANG_WARN_OBJC_LITERAL_CONVERSION = YES;
				CLANG_WARN_OBJC_ROOT_CLASS = YES_ERROR;
				CLANG_WARN_QUOTED_INCLUDE_IN_FRAMEWORK_HEADER = YES;
				CLANG_WARN_RANGE_LOOP_ANALYSIS = YES;
				CLANG_WARN_STRICT_PROTOTYPES = YES;
				CLANG_WARN_SUSPICIOUS_MOVE = YES;
				CLANG_WARN_UNGUARDED_AVAILABILITY = YES_AGGRESSIVE;
				CLANG_WARN_UNREACHABLE_CODE = YES;
				CLANG_WARN__DUPLICATE_METHOD_MATCH = YES;
				COPY_PHASE_STRIP = NO;
				DEBUG_INFORMATION_FORMAT = "dwarf-with-dsym";
				ENABLE_NS_ASSERTIONS = NO;
				ENABLE_STRICT_OBJC_MSGSEND = YES;
				GCC_C_LANGUAGE_STANDARD = gnu11;
				GCC_NO_COMMON_BLOCKS = YES;
				GCC_WARN_64_TO_32_BIT_CONVERSION = YES;
				GCC_WARN_ABOUT_RETURN_TYPE = YES_ERROR;
				GCC_WARN_UNDECLARED_SELECTOR = YES;
				GCC_WARN_UNINITIALIZED_AUTOS = YES_AGGRESSIVE;
				GCC_WARN_UNUSED_FUNCTION = YES;
				GCC_WARN_UNUSED_VARIABLE = YES;
				IPHONEOS_DEPLOYMENT_TARGET = 15.0;
				MTL_ENABLE_DEBUG_INFO = NO;
				MTL_FAST_MATH = YES;
				SDKROOT = iphoneos;
				SWIFT_COMPILATION_MODE = wholemodule;
				SWIFT_OPTIMIZATION_LEVEL = "-O";
				VALIDATE_PRODUCT = YES;
			};
			name = Release;
		};
		216F218A28B6141F00DAA66D /* Debug */ = {
			isa = XCBuildConfiguration;
			buildSettings = {
				ASSETCATALOG_COMPILER_APPICON_NAME = AppIcon;
				ASSETCATALOG_COMPILER_GLOBAL_ACCENT_COLOR_NAME = AccentColor;
				ASSETCATALOG_COMPILER_INCLUDE_ALL_APPICON_ASSETS = YES;
				CODE_SIGN_IDENTITY = "Apple Development";
				CODE_SIGN_STYLE = Automatic;
				CURRENT_PROJECT_VERSION = 1;
				DEVELOPMENT_ASSET_PATHS = "";
				DEVELOPMENT_TEAM = 7EQ9RGBBQ2;
				ENABLE_PREVIEWS = YES;
				GENERATE_INFOPLIST_FILE = YES;
				INFOPLIST_FILE = MyNTORewards/Info.plist;
				INFOPLIST_KEY_CFBundleDisplayName = "myNTO Rewards";
				INFOPLIST_KEY_LSApplicationCategoryType = "public.app-category.business";
				INFOPLIST_KEY_UIApplicationSupportsIndirectInputEvents = YES;
				INFOPLIST_KEY_UILaunchScreen_Generation = YES;
				INFOPLIST_KEY_UISupportedInterfaceOrientations_iPad = "UIInterfaceOrientationPortrait UIInterfaceOrientationPortraitUpsideDown UIInterfaceOrientationLandscapeLeft UIInterfaceOrientationLandscapeRight";
				INFOPLIST_KEY_UISupportedInterfaceOrientations_iPhone = "UIInterfaceOrientationPortrait UIInterfaceOrientationLandscapeLeft UIInterfaceOrientationLandscapeRight";
				INFOPLIST_KEY_UIUserInterfaceStyle = Light;
				IPHONEOS_DEPLOYMENT_TARGET = 15.0;
				LD_RUNPATH_SEARCH_PATHS = (
					"$(inherited)",
					"@executable_path/Frameworks",
				);
				MARKETING_VERSION = 0.3.0;
				PRODUCT_BUNDLE_IDENTIFIER = com.salesforce.loyalty.mobile.MyNTORewards;
				PRODUCT_NAME = MyNTORewards;
				PROVISIONING_PROFILE_SPECIFIER = "";
				SUPPORTED_PLATFORMS = "iphoneos iphonesimulator";
				SUPPORTS_MACCATALYST = NO;
				SUPPORTS_MAC_DESIGNED_FOR_IPHONE_IPAD = NO;
				SWIFT_EMIT_LOC_STRINGS = YES;
				SWIFT_VERSION = 5.0;
				TARGETED_DEVICE_FAMILY = 1;
			};
			name = Debug;
		};
		216F218B28B6141F00DAA66D /* Release */ = {
			isa = XCBuildConfiguration;
			buildSettings = {
				ASSETCATALOG_COMPILER_APPICON_NAME = AppIcon;
				ASSETCATALOG_COMPILER_GLOBAL_ACCENT_COLOR_NAME = AccentColor;
				ASSETCATALOG_COMPILER_INCLUDE_ALL_APPICON_ASSETS = YES;
				CODE_SIGN_IDENTITY = "Apple Development";
				CODE_SIGN_STYLE = Automatic;
				CURRENT_PROJECT_VERSION = 1;
				DEVELOPMENT_ASSET_PATHS = "";
				DEVELOPMENT_TEAM = 7EQ9RGBBQ2;
				ENABLE_PREVIEWS = YES;
				GENERATE_INFOPLIST_FILE = YES;
				INFOPLIST_FILE = MyNTORewards/Info.plist;
				INFOPLIST_KEY_CFBundleDisplayName = "myNTO Rewards";
				INFOPLIST_KEY_LSApplicationCategoryType = "public.app-category.business";
				INFOPLIST_KEY_UIApplicationSupportsIndirectInputEvents = YES;
				INFOPLIST_KEY_UILaunchScreen_Generation = YES;
				INFOPLIST_KEY_UISupportedInterfaceOrientations_iPad = "UIInterfaceOrientationPortrait UIInterfaceOrientationPortraitUpsideDown UIInterfaceOrientationLandscapeLeft UIInterfaceOrientationLandscapeRight";
				INFOPLIST_KEY_UISupportedInterfaceOrientations_iPhone = "UIInterfaceOrientationPortrait UIInterfaceOrientationLandscapeLeft UIInterfaceOrientationLandscapeRight";
				INFOPLIST_KEY_UIUserInterfaceStyle = Light;
				IPHONEOS_DEPLOYMENT_TARGET = 15.0;
				LD_RUNPATH_SEARCH_PATHS = (
					"$(inherited)",
					"@executable_path/Frameworks",
				);
				MARKETING_VERSION = 0.3.0;
				PRODUCT_BUNDLE_IDENTIFIER = com.salesforce.loyalty.mobile.MyNTORewards;
				PRODUCT_NAME = MyNTORewards;
				PROVISIONING_PROFILE_SPECIFIER = "";
				SUPPORTED_PLATFORMS = "iphoneos iphonesimulator";
				SUPPORTS_MACCATALYST = NO;
				SUPPORTS_MAC_DESIGNED_FOR_IPHONE_IPAD = NO;
				SWIFT_EMIT_LOC_STRINGS = YES;
				SWIFT_VERSION = 5.0;
				TARGETED_DEVICE_FAMILY = 1;
			};
			name = Release;
		};
/* End XCBuildConfiguration section */

/* Begin XCConfigurationList section */
		216F217628B6141E00DAA66D /* Build configuration list for PBXProject "MyNTORewards" */ = {
			isa = XCConfigurationList;
			buildConfigurations = (
				216F218728B6141F00DAA66D /* Debug */,
				216F218828B6141F00DAA66D /* Release */,
			);
			defaultConfigurationIsVisible = 0;
			defaultConfigurationName = Release;
		};
		216F218928B6141F00DAA66D /* Build configuration list for PBXNativeTarget "MyNTORewards" */ = {
			isa = XCConfigurationList;
			buildConfigurations = (
				216F218A28B6141F00DAA66D /* Debug */,
				216F218B28B6141F00DAA66D /* Release */,
			);
			defaultConfigurationIsVisible = 0;
			defaultConfigurationName = Release;
		};
/* End XCConfigurationList section */

/* Begin XCRemoteSwiftPackageReference section */
		2906B1E02900B1DA006EAB2D /* XCRemoteSwiftPackageReference "firebase-ios-sdk" */ = {
			isa = XCRemoteSwiftPackageReference;
			repositoryURL = "https://github.com/firebase/firebase-ios-sdk";
			requirement = {
				branch = master;
				kind = branch;
			};
		};
/* End XCRemoteSwiftPackageReference section */

/* Begin XCSwiftPackageProductDependency section */
		2906B1E12900BA8A006EAB2D /* FirebaseAuth */ = {
			isa = XCSwiftPackageProductDependency;
			package = 2906B1E02900B1DA006EAB2D /* XCRemoteSwiftPackageReference "firebase-ios-sdk" */;
			productName = FirebaseAuth;
		};
		2906B1E5290127F5006EAB2D /* FirebaseFirestore */ = {
			isa = XCSwiftPackageProductDependency;
			package = 2906B1E02900B1DA006EAB2D /* XCRemoteSwiftPackageReference "firebase-ios-sdk" */;
			productName = FirebaseFirestore;
		};
		2906B1E7290127FD006EAB2D /* FirebaseFirestoreSwift */ = {
			isa = XCSwiftPackageProductDependency;
			package = 2906B1E02900B1DA006EAB2D /* XCRemoteSwiftPackageReference "firebase-ios-sdk" */;
			productName = FirebaseFirestoreSwift;
		};
		2920609429523C9C006B20C1 /* LoyaltyMobileSDK */ = {
			isa = XCSwiftPackageProductDependency;
			productName = LoyaltyMobileSDK;
		};
/* End XCSwiftPackageProductDependency section */
	};
	rootObject = 216F217328B6141E00DAA66D /* Project object */;
}
