// !$*UTF8*$!
{
	archiveVersion = 1;
	classes = {
	};
	objectVersion = 55;
	objects = {

/* Begin PBXBuildFile section */
		216A9CC128BDD958007881FE /* BenefitViewModel.swift in Sources */ = {isa = PBXBuildFile; fileRef = 216A9CC028BDD958007881FE /* BenefitViewModel.swift */; };
		216F217F28B6141E00DAA66D /* LoyaltyStarterApp.swift in Sources */ = {isa = PBXBuildFile; fileRef = 216F217E28B6141E00DAA66D /* LoyaltyStarterApp.swift */; };
		216F218628B6141F00DAA66D /* Preview Assets.xcassets in Resources */ = {isa = PBXBuildFile; fileRef = 216F218528B6141F00DAA66D /* Preview Assets.xcassets */; };
		216F218D28B6145200DAA66D /* GoogleService-Info.plist in Resources */ = {isa = PBXBuildFile; fileRef = 216F218C28B6145200DAA66D /* GoogleService-Info.plist */; };
		216F218F28B6148800DAA66D /* AppViewRouter.swift in Sources */ = {isa = PBXBuildFile; fileRef = 216F218E28B6148800DAA66D /* AppViewRouter.swift */; };
		216F219228B6182D00DAA66D /* FirebaseAuth in Frameworks */ = {isa = PBXBuildFile; productRef = 216F219128B6182D00DAA66D /* FirebaseAuth */; };
		216F219528B6188600DAA66D /* AppRootView.swift in Sources */ = {isa = PBXBuildFile; fileRef = 216F219428B6188600DAA66D /* AppRootView.swift */; };
		216F219728B618AD00DAA66D /* SignUpView.swift in Sources */ = {isa = PBXBuildFile; fileRef = 216F219628B618AD00DAA66D /* SignUpView.swift */; };
		216F219928B618BB00DAA66D /* SignInView.swift in Sources */ = {isa = PBXBuildFile; fileRef = 216F219828B618BB00DAA66D /* SignInView.swift */; };
		216F219B28B618C700DAA66D /* HomeView.swift in Sources */ = {isa = PBXBuildFile; fileRef = 216F219A28B618C700DAA66D /* HomeView.swift */; };
		218A36A828B85B7900FCEE39 /* Assets.xcassets in Resources */ = {isa = PBXBuildFile; fileRef = 218A36A728B85B7900FCEE39 /* Assets.xcassets */; };
		218A36AA28B85CA500FCEE39 /* BottomNavTabsView.swift in Sources */ = {isa = PBXBuildFile; fileRef = 218A36A928B85CA500FCEE39 /* BottomNavTabsView.swift */; };
		218A36AC28B85D5500FCEE39 /* RewardsView.swift in Sources */ = {isa = PBXBuildFile; fileRef = 218A36AB28B85D5500FCEE39 /* RewardsView.swift */; };
		218A36AE28B85D6000FCEE39 /* FavoriteView.swift in Sources */ = {isa = PBXBuildFile; fileRef = 218A36AD28B85D6000FCEE39 /* FavoriteView.swift */; };
		218A36B028B85D9200FCEE39 /* RedeemView.swift in Sources */ = {isa = PBXBuildFile; fileRef = 218A36AF28B85D9200FCEE39 /* RedeemView.swift */; };
		218A36B228B85DA400FCEE39 /* ProfileView.swift in Sources */ = {isa = PBXBuildFile; fileRef = 218A36B128B85DA400FCEE39 /* ProfileView.swift */; };
		218A36B528B85E4C00FCEE39 /* BenefitView.swift in Sources */ = {isa = PBXBuildFile; fileRef = 218A36B428B85E4C00FCEE39 /* BenefitView.swift */; };
		2941A23F28BE803F005026CF /* Color.swift in Sources */ = {isa = PBXBuildFile; fileRef = 2941A23E28BE803F005026CF /* Color.swift */; };
		2941A24428BEA05F005026CF /* NetworkManager.swift in Sources */ = {isa = PBXBuildFile; fileRef = 2941A24328BEA05F005026CF /* NetworkManager.swift */; };
		2944F87E28B98B890098ED1B /* SwiftlySalesforce in Frameworks */ = {isa = PBXBuildFile; productRef = 2944F87D28B98B890098ED1B /* SwiftlySalesforce */; };
		2944F88128B98C7D0098ED1B /* Connection+API+RestService.swift in Sources */ = {isa = PBXBuildFile; fileRef = 2944F88028B98C7D0098ED1B /* Connection+API+RestService.swift */; };
		2944F88428B98DA10098ED1B /* BenefitModel.swift in Sources */ = {isa = PBXBuildFile; fileRef = 2944F88328B98DA10098ED1B /* BenefitModel.swift */; };
		2944F88828B98E5E0098ED1B /* Salesforce.json in Resources */ = {isa = PBXBuildFile; fileRef = 2944F88728B98E5E0098ED1B /* Salesforce.json */; };
		2944F88A28B9A7220098ED1B /* AppConstants.swift in Sources */ = {isa = PBXBuildFile; fileRef = 2944F88928B9A7220098ED1B /* AppConstants.swift */; };
/* End PBXBuildFile section */

/* Begin PBXFileReference section */
		216A9CC028BDD958007881FE /* BenefitViewModel.swift */ = {isa = PBXFileReference; fileEncoding = 4; lastKnownFileType = sourcecode.swift; path = BenefitViewModel.swift; sourceTree = "<group>"; };
		216F217B28B6141E00DAA66D /* LoyaltyStarter.app */ = {isa = PBXFileReference; explicitFileType = wrapper.application; includeInIndex = 0; path = LoyaltyStarter.app; sourceTree = BUILT_PRODUCTS_DIR; };
		216F217E28B6141E00DAA66D /* LoyaltyStarterApp.swift */ = {isa = PBXFileReference; lastKnownFileType = sourcecode.swift; path = LoyaltyStarterApp.swift; sourceTree = "<group>"; };
		216F218528B6141F00DAA66D /* Preview Assets.xcassets */ = {isa = PBXFileReference; lastKnownFileType = folder.assetcatalog; path = "Preview Assets.xcassets"; sourceTree = "<group>"; };
		216F218C28B6145200DAA66D /* GoogleService-Info.plist */ = {isa = PBXFileReference; fileEncoding = 4; lastKnownFileType = text.plist.xml; path = "GoogleService-Info.plist"; sourceTree = "<group>"; };
		216F218E28B6148800DAA66D /* AppViewRouter.swift */ = {isa = PBXFileReference; fileEncoding = 4; lastKnownFileType = sourcecode.swift; path = AppViewRouter.swift; sourceTree = "<group>"; };
		216F219428B6188600DAA66D /* AppRootView.swift */ = {isa = PBXFileReference; lastKnownFileType = sourcecode.swift; path = AppRootView.swift; sourceTree = "<group>"; };
		216F219628B618AD00DAA66D /* SignUpView.swift */ = {isa = PBXFileReference; lastKnownFileType = sourcecode.swift; path = SignUpView.swift; sourceTree = "<group>"; };
		216F219828B618BB00DAA66D /* SignInView.swift */ = {isa = PBXFileReference; lastKnownFileType = sourcecode.swift; path = SignInView.swift; sourceTree = "<group>"; };
		216F219A28B618C700DAA66D /* HomeView.swift */ = {isa = PBXFileReference; lastKnownFileType = sourcecode.swift; path = HomeView.swift; sourceTree = "<group>"; };
		218A36A728B85B7900FCEE39 /* Assets.xcassets */ = {isa = PBXFileReference; lastKnownFileType = folder.assetcatalog; path = Assets.xcassets; sourceTree = "<group>"; };
		218A36A928B85CA500FCEE39 /* BottomNavTabsView.swift */ = {isa = PBXFileReference; lastKnownFileType = sourcecode.swift; path = BottomNavTabsView.swift; sourceTree = "<group>"; };
		218A36AB28B85D5500FCEE39 /* RewardsView.swift */ = {isa = PBXFileReference; fileEncoding = 4; lastKnownFileType = sourcecode.swift; path = RewardsView.swift; sourceTree = "<group>"; };
		218A36AD28B85D6000FCEE39 /* FavoriteView.swift */ = {isa = PBXFileReference; fileEncoding = 4; lastKnownFileType = sourcecode.swift; path = FavoriteView.swift; sourceTree = "<group>"; };
		218A36AF28B85D9200FCEE39 /* RedeemView.swift */ = {isa = PBXFileReference; fileEncoding = 4; lastKnownFileType = sourcecode.swift; path = RedeemView.swift; sourceTree = "<group>"; };
		218A36B128B85DA400FCEE39 /* ProfileView.swift */ = {isa = PBXFileReference; fileEncoding = 4; lastKnownFileType = sourcecode.swift; path = ProfileView.swift; sourceTree = "<group>"; };
		218A36B428B85E4C00FCEE39 /* BenefitView.swift */ = {isa = PBXFileReference; fileEncoding = 4; lastKnownFileType = sourcecode.swift; path = BenefitView.swift; sourceTree = "<group>"; };
		2941A23E28BE803F005026CF /* Color.swift */ = {isa = PBXFileReference; lastKnownFileType = sourcecode.swift; path = Color.swift; sourceTree = "<group>"; };
		2941A24328BEA05F005026CF /* NetworkManager.swift */ = {isa = PBXFileReference; lastKnownFileType = sourcecode.swift; path = NetworkManager.swift; sourceTree = "<group>"; };
		2944F88028B98C7D0098ED1B /* Connection+API+RestService.swift */ = {isa = PBXFileReference; lastKnownFileType = sourcecode.swift; path = "Connection+API+RestService.swift"; sourceTree = "<group>"; };
		2944F88328B98DA10098ED1B /* BenefitModel.swift */ = {isa = PBXFileReference; lastKnownFileType = sourcecode.swift; path = BenefitModel.swift; sourceTree = "<group>"; };
		2944F88728B98E5E0098ED1B /* Salesforce.json */ = {isa = PBXFileReference; lastKnownFileType = text.json; path = Salesforce.json; sourceTree = "<group>"; };
		2944F88928B9A7220098ED1B /* AppConstants.swift */ = {isa = PBXFileReference; lastKnownFileType = sourcecode.swift; path = AppConstants.swift; sourceTree = "<group>"; };
/* End PBXFileReference section */

/* Begin PBXFrameworksBuildPhase section */
		216F217828B6141E00DAA66D /* Frameworks */ = {
			isa = PBXFrameworksBuildPhase;
			buildActionMask = 2147483647;
			files = (
				2944F87E28B98B890098ED1B /* SwiftlySalesforce in Frameworks */,
				216F219228B6182D00DAA66D /* FirebaseAuth in Frameworks */,
			);
			runOnlyForDeploymentPostprocessing = 0;
		};
/* End PBXFrameworksBuildPhase section */

/* Begin PBXGroup section */
		216A9CBF28BDD8A1007881FE /* ViewModels */ = {
			isa = PBXGroup;
			children = (
				216A9CC028BDD958007881FE /* BenefitViewModel.swift */,
			);
			path = ViewModels;
			sourceTree = "<group>";
		};
		216F217228B6141E00DAA66D = {
			isa = PBXGroup;
			children = (
				216F218C28B6145200DAA66D /* GoogleService-Info.plist */,
				216F217D28B6141E00DAA66D /* LoyaltyStarter */,
				216F217C28B6141E00DAA66D /* Products */,
			);
			sourceTree = "<group>";
		};
		216F217C28B6141E00DAA66D /* Products */ = {
			isa = PBXGroup;
			children = (
				216F217B28B6141E00DAA66D /* LoyaltyStarter.app */,
			);
			name = Products;
			sourceTree = "<group>";
		};
		216F217D28B6141E00DAA66D /* LoyaltyStarter */ = {
			isa = PBXGroup;
			children = (
				2941A24228BE9FFE005026CF /* Utilities */,
				2944F87F28B98C2C0098ED1B /* Extensions */,
				2944F88228B98D420098ED1B /* Models */,
				216A9CBF28BDD8A1007881FE /* ViewModels */,
				216F219328B6186400DAA66D /* Views */,
				216F218E28B6148800DAA66D /* AppViewRouter.swift */,
				216F217E28B6141E00DAA66D /* LoyaltyStarterApp.swift */,
				2944F88928B9A7220098ED1B /* AppConstants.swift */,
				218A36A728B85B7900FCEE39 /* Assets.xcassets */,
				216F218428B6141F00DAA66D /* Preview Content */,
				2944F88728B98E5E0098ED1B /* Salesforce.json */,
			);
			path = LoyaltyStarter;
			sourceTree = "<group>";
		};
		216F218428B6141F00DAA66D /* Preview Content */ = {
			isa = PBXGroup;
			children = (
				216F218528B6141F00DAA66D /* Preview Assets.xcassets */,
			);
			path = "Preview Content";
			sourceTree = "<group>";
		};
		216F219328B6186400DAA66D /* Views */ = {
			isa = PBXGroup;
			children = (
				216F219428B6188600DAA66D /* AppRootView.swift */,
				216F219628B618AD00DAA66D /* SignUpView.swift */,
				216F219828B618BB00DAA66D /* SignInView.swift */,
				218A36A928B85CA500FCEE39 /* BottomNavTabsView.swift */,
				216F219A28B618C700DAA66D /* HomeView.swift */,
				218A36B428B85E4C00FCEE39 /* BenefitView.swift */,
				218A36B128B85DA400FCEE39 /* ProfileView.swift */,
				218A36AF28B85D9200FCEE39 /* RedeemView.swift */,
				218A36AD28B85D6000FCEE39 /* FavoriteView.swift */,
				218A36AB28B85D5500FCEE39 /* RewardsView.swift */,
			);
			path = Views;
			sourceTree = "<group>";
		};
		2941A24228BE9FFE005026CF /* Utilities */ = {
			isa = PBXGroup;
			children = (
				2941A24328BEA05F005026CF /* NetworkManager.swift */,
			);
			path = Utilities;
			sourceTree = "<group>";
		};
		2944F87F28B98C2C0098ED1B /* Extensions */ = {
			isa = PBXGroup;
			children = (
				2944F88028B98C7D0098ED1B /* Connection+API+RestService.swift */,
				2941A23E28BE803F005026CF /* Color.swift */,
			);
			path = Extensions;
			sourceTree = "<group>";
		};
		2944F88228B98D420098ED1B /* Models */ = {
			isa = PBXGroup;
			children = (
				2944F88328B98DA10098ED1B /* BenefitModel.swift */,
			);
			path = Models;
			sourceTree = "<group>";
		};
/* End PBXGroup section */

/* Begin PBXNativeTarget section */
		216F217A28B6141E00DAA66D /* LoyaltyStarter */ = {
			isa = PBXNativeTarget;
			buildConfigurationList = 216F218928B6141F00DAA66D /* Build configuration list for PBXNativeTarget "LoyaltyStarter" */;
			buildPhases = (
				216F217728B6141E00DAA66D /* Sources */,
				216F217828B6141E00DAA66D /* Frameworks */,
				216F217928B6141E00DAA66D /* Resources */,
			);
			buildRules = (
			);
			dependencies = (
			);
			name = LoyaltyStarter;
			packageProductDependencies = (
				216F219128B6182D00DAA66D /* FirebaseAuth */,
				2944F87D28B98B890098ED1B /* SwiftlySalesforce */,
			);
			productName = LoyaltyStarter;
			productReference = 216F217B28B6141E00DAA66D /* LoyaltyStarter.app */;
			productType = "com.apple.product-type.application";
		};
/* End PBXNativeTarget section */

/* Begin PBXProject section */
		216F217328B6141E00DAA66D /* Project object */ = {
			isa = PBXProject;
			attributes = {
				BuildIndependentTargetsInParallel = 1;
				LastSwiftUpdateCheck = 1340;
				LastUpgradeCheck = 1340;
				TargetAttributes = {
					216F217A28B6141E00DAA66D = {
						CreatedOnToolsVersion = 13.4.1;
					};
				};
			};
			buildConfigurationList = 216F217628B6141E00DAA66D /* Build configuration list for PBXProject "LoyaltyStarter" */;
			compatibilityVersion = "Xcode 13.0";
			developmentRegion = en;
			hasScannedForEncodings = 0;
			knownRegions = (
				en,
				Base,
			);
			mainGroup = 216F217228B6141E00DAA66D;
			packageReferences = (
				216F219028B6182D00DAA66D /* XCRemoteSwiftPackageReference "firebase-ios-sdk" */,
				2944F87C28B98B890098ED1B /* XCRemoteSwiftPackageReference "SwiftlySalesforce" */,
			);
			productRefGroup = 216F217C28B6141E00DAA66D /* Products */;
			projectDirPath = "";
			projectRoot = "";
			targets = (
				216F217A28B6141E00DAA66D /* LoyaltyStarter */,
			);
		};
/* End PBXProject section */

/* Begin PBXResourcesBuildPhase section */
		216F217928B6141E00DAA66D /* Resources */ = {
			isa = PBXResourcesBuildPhase;
			buildActionMask = 2147483647;
			files = (
				216F218628B6141F00DAA66D /* Preview Assets.xcassets in Resources */,
				218A36A828B85B7900FCEE39 /* Assets.xcassets in Resources */,
				2944F88828B98E5E0098ED1B /* Salesforce.json in Resources */,
				216F218D28B6145200DAA66D /* GoogleService-Info.plist in Resources */,
			);
			runOnlyForDeploymentPostprocessing = 0;
		};
/* End PBXResourcesBuildPhase section */

/* Begin PBXSourcesBuildPhase section */
		216F217728B6141E00DAA66D /* Sources */ = {
			isa = PBXSourcesBuildPhase;
			buildActionMask = 2147483647;
			files = (
				216F219928B618BB00DAA66D /* SignInView.swift in Sources */,
				218A36AA28B85CA500FCEE39 /* BottomNavTabsView.swift in Sources */,
				216F219B28B618C700DAA66D /* HomeView.swift in Sources */,
				216F218F28B6148800DAA66D /* AppViewRouter.swift in Sources */,
				2941A23F28BE803F005026CF /* Color.swift in Sources */,
				218A36B528B85E4C00FCEE39 /* BenefitView.swift in Sources */,
				216F219728B618AD00DAA66D /* SignUpView.swift in Sources */,
				216F219528B6188600DAA66D /* AppRootView.swift in Sources */,
				2944F88128B98C7D0098ED1B /* Connection+API+RestService.swift in Sources */,
				216F217F28B6141E00DAA66D /* LoyaltyStarterApp.swift in Sources */,
				2941A24428BEA05F005026CF /* NetworkManager.swift in Sources */,
				218A36AE28B85D6000FCEE39 /* FavoriteView.swift in Sources */,
				216A9CC128BDD958007881FE /* BenefitViewModel.swift in Sources */,
				2944F88A28B9A7220098ED1B /* AppConstants.swift in Sources */,
				218A36B028B85D9200FCEE39 /* RedeemView.swift in Sources */,
				2944F88428B98DA10098ED1B /* BenefitModel.swift in Sources */,
				218A36B228B85DA400FCEE39 /* ProfileView.swift in Sources */,
				218A36AC28B85D5500FCEE39 /* RewardsView.swift in Sources */,
			);
			runOnlyForDeploymentPostprocessing = 0;
		};
/* End PBXSourcesBuildPhase section */

/* Begin XCBuildConfiguration section */
		216F218728B6141F00DAA66D /* Debug */ = {
			isa = XCBuildConfiguration;
			buildSettings = {
				ALWAYS_SEARCH_USER_PATHS = NO;
				CLANG_ANALYZER_NONNULL = YES;
				CLANG_ANALYZER_NUMBER_OBJECT_CONVERSION = YES_AGGRESSIVE;
				CLANG_CXX_LANGUAGE_STANDARD = "gnu++17";
				CLANG_ENABLE_MODULES = YES;
				CLANG_ENABLE_OBJC_ARC = YES;
				CLANG_ENABLE_OBJC_WEAK = YES;
				CLANG_WARN_BLOCK_CAPTURE_AUTORELEASING = YES;
				CLANG_WARN_BOOL_CONVERSION = YES;
				CLANG_WARN_COMMA = YES;
				CLANG_WARN_CONSTANT_CONVERSION = YES;
				CLANG_WARN_DEPRECATED_OBJC_IMPLEMENTATIONS = YES;
				CLANG_WARN_DIRECT_OBJC_ISA_USAGE = YES_ERROR;
				CLANG_WARN_DOCUMENTATION_COMMENTS = YES;
				CLANG_WARN_EMPTY_BODY = YES;
				CLANG_WARN_ENUM_CONVERSION = YES;
				CLANG_WARN_INFINITE_RECURSION = YES;
				CLANG_WARN_INT_CONVERSION = YES;
				CLANG_WARN_NON_LITERAL_NULL_CONVERSION = YES;
				CLANG_WARN_OBJC_IMPLICIT_RETAIN_SELF = YES;
				CLANG_WARN_OBJC_LITERAL_CONVERSION = YES;
				CLANG_WARN_OBJC_ROOT_CLASS = YES_ERROR;
				CLANG_WARN_QUOTED_INCLUDE_IN_FRAMEWORK_HEADER = YES;
				CLANG_WARN_RANGE_LOOP_ANALYSIS = YES;
				CLANG_WARN_STRICT_PROTOTYPES = YES;
				CLANG_WARN_SUSPICIOUS_MOVE = YES;
				CLANG_WARN_UNGUARDED_AVAILABILITY = YES_AGGRESSIVE;
				CLANG_WARN_UNREACHABLE_CODE = YES;
				CLANG_WARN__DUPLICATE_METHOD_MATCH = YES;
				COPY_PHASE_STRIP = NO;
				DEBUG_INFORMATION_FORMAT = dwarf;
				ENABLE_STRICT_OBJC_MSGSEND = YES;
				ENABLE_TESTABILITY = YES;
				GCC_C_LANGUAGE_STANDARD = gnu11;
				GCC_DYNAMIC_NO_PIC = NO;
				GCC_NO_COMMON_BLOCKS = YES;
				GCC_OPTIMIZATION_LEVEL = 0;
				GCC_PREPROCESSOR_DEFINITIONS = (
					"DEBUG=1",
					"$(inherited)",
				);
				GCC_WARN_64_TO_32_BIT_CONVERSION = YES;
				GCC_WARN_ABOUT_RETURN_TYPE = YES_ERROR;
				GCC_WARN_UNDECLARED_SELECTOR = YES;
				GCC_WARN_UNINITIALIZED_AUTOS = YES_AGGRESSIVE;
				GCC_WARN_UNUSED_FUNCTION = YES;
				GCC_WARN_UNUSED_VARIABLE = YES;
				IPHONEOS_DEPLOYMENT_TARGET = 15.5;
				MTL_ENABLE_DEBUG_INFO = INCLUDE_SOURCE;
				MTL_FAST_MATH = YES;
				ONLY_ACTIVE_ARCH = YES;
				SDKROOT = iphoneos;
				SWIFT_ACTIVE_COMPILATION_CONDITIONS = DEBUG;
				SWIFT_OPTIMIZATION_LEVEL = "-Onone";
			};
			name = Debug;
		};
		216F218828B6141F00DAA66D /* Release */ = {
			isa = XCBuildConfiguration;
			buildSettings = {
				ALWAYS_SEARCH_USER_PATHS = NO;
				CLANG_ANALYZER_NONNULL = YES;
				CLANG_ANALYZER_NUMBER_OBJECT_CONVERSION = YES_AGGRESSIVE;
				CLANG_CXX_LANGUAGE_STANDARD = "gnu++17";
				CLANG_ENABLE_MODULES = YES;
				CLANG_ENABLE_OBJC_ARC = YES;
				CLANG_ENABLE_OBJC_WEAK = YES;
				CLANG_WARN_BLOCK_CAPTURE_AUTORELEASING = YES;
				CLANG_WARN_BOOL_CONVERSION = YES;
				CLANG_WARN_COMMA = YES;
				CLANG_WARN_CONSTANT_CONVERSION = YES;
				CLANG_WARN_DEPRECATED_OBJC_IMPLEMENTATIONS = YES;
				CLANG_WARN_DIRECT_OBJC_ISA_USAGE = YES_ERROR;
				CLANG_WARN_DOCUMENTATION_COMMENTS = YES;
				CLANG_WARN_EMPTY_BODY = YES;
				CLANG_WARN_ENUM_CONVERSION = YES;
				CLANG_WARN_INFINITE_RECURSION = YES;
				CLANG_WARN_INT_CONVERSION = YES;
				CLANG_WARN_NON_LITERAL_NULL_CONVERSION = YES;
				CLANG_WARN_OBJC_IMPLICIT_RETAIN_SELF = YES;
				CLANG_WARN_OBJC_LITERAL_CONVERSION = YES;
				CLANG_WARN_OBJC_ROOT_CLASS = YES_ERROR;
				CLANG_WARN_QUOTED_INCLUDE_IN_FRAMEWORK_HEADER = YES;
				CLANG_WARN_RANGE_LOOP_ANALYSIS = YES;
				CLANG_WARN_STRICT_PROTOTYPES = YES;
				CLANG_WARN_SUSPICIOUS_MOVE = YES;
				CLANG_WARN_UNGUARDED_AVAILABILITY = YES_AGGRESSIVE;
				CLANG_WARN_UNREACHABLE_CODE = YES;
				CLANG_WARN__DUPLICATE_METHOD_MATCH = YES;
				COPY_PHASE_STRIP = NO;
				DEBUG_INFORMATION_FORMAT = "dwarf-with-dsym";
				ENABLE_NS_ASSERTIONS = NO;
				ENABLE_STRICT_OBJC_MSGSEND = YES;
				GCC_C_LANGUAGE_STANDARD = gnu11;
				GCC_NO_COMMON_BLOCKS = YES;
				GCC_WARN_64_TO_32_BIT_CONVERSION = YES;
				GCC_WARN_ABOUT_RETURN_TYPE = YES_ERROR;
				GCC_WARN_UNDECLARED_SELECTOR = YES;
				GCC_WARN_UNINITIALIZED_AUTOS = YES_AGGRESSIVE;
				GCC_WARN_UNUSED_FUNCTION = YES;
				GCC_WARN_UNUSED_VARIABLE = YES;
				IPHONEOS_DEPLOYMENT_TARGET = 15.5;
				MTL_ENABLE_DEBUG_INFO = NO;
				MTL_FAST_MATH = YES;
				SDKROOT = iphoneos;
				SWIFT_COMPILATION_MODE = wholemodule;
				SWIFT_OPTIMIZATION_LEVEL = "-O";
				VALIDATE_PRODUCT = YES;
			};
			name = Release;
		};
		216F218A28B6141F00DAA66D /* Debug */ = {
			isa = XCBuildConfiguration;
			buildSettings = {
				ASSETCATALOG_COMPILER_APPICON_NAME = AppIcon;
				ASSETCATALOG_COMPILER_GLOBAL_ACCENT_COLOR_NAME = AccentColor;
				CODE_SIGN_STYLE = Automatic;
				CURRENT_PROJECT_VERSION = 1;
				DEVELOPMENT_ASSET_PATHS = "\"LoyaltyStarter/Preview Content\"";
				DEVELOPMENT_TEAM = FWC5C8VLC7;
				ENABLE_PREVIEWS = YES;
				GENERATE_INFOPLIST_FILE = YES;
				INFOPLIST_KEY_UIApplicationSceneManifest_Generation = YES;
				INFOPLIST_KEY_UIApplicationSupportsIndirectInputEvents = YES;
				INFOPLIST_KEY_UILaunchScreen_Generation = YES;
				INFOPLIST_KEY_UISupportedInterfaceOrientations_iPad = "UIInterfaceOrientationPortrait UIInterfaceOrientationPortraitUpsideDown UIInterfaceOrientationLandscapeLeft UIInterfaceOrientationLandscapeRight";
				INFOPLIST_KEY_UISupportedInterfaceOrientations_iPhone = "UIInterfaceOrientationPortrait UIInterfaceOrientationLandscapeLeft UIInterfaceOrientationLandscapeRight";
				LD_RUNPATH_SEARCH_PATHS = (
					"$(inherited)",
					"@executable_path/Frameworks",
				);
				MARKETING_VERSION = 1.0;
				PRODUCT_BUNDLE_IDENTIFIER = com.salesforce.loyalty.mobile.LoyaltyStarter;
				PRODUCT_NAME = "$(TARGET_NAME)";
				SWIFT_EMIT_LOC_STRINGS = YES;
				SWIFT_VERSION = 5.0;
				TARGETED_DEVICE_FAMILY = "1,2";
			};
			name = Debug;
		};
		216F218B28B6141F00DAA66D /* Release */ = {
			isa = XCBuildConfiguration;
			buildSettings = {
				ASSETCATALOG_COMPILER_APPICON_NAME = AppIcon;
				ASSETCATALOG_COMPILER_GLOBAL_ACCENT_COLOR_NAME = AccentColor;
				CODE_SIGN_STYLE = Automatic;
				CURRENT_PROJECT_VERSION = 1;
				DEVELOPMENT_ASSET_PATHS = "\"LoyaltyStarter/Preview Content\"";
				DEVELOPMENT_TEAM = FWC5C8VLC7;
				ENABLE_PREVIEWS = YES;
				GENERATE_INFOPLIST_FILE = YES;
				INFOPLIST_KEY_UIApplicationSceneManifest_Generation = YES;
				INFOPLIST_KEY_UIApplicationSupportsIndirectInputEvents = YES;
				INFOPLIST_KEY_UILaunchScreen_Generation = YES;
				INFOPLIST_KEY_UISupportedInterfaceOrientations_iPad = "UIInterfaceOrientationPortrait UIInterfaceOrientationPortraitUpsideDown UIInterfaceOrientationLandscapeLeft UIInterfaceOrientationLandscapeRight";
				INFOPLIST_KEY_UISupportedInterfaceOrientations_iPhone = "UIInterfaceOrientationPortrait UIInterfaceOrientationLandscapeLeft UIInterfaceOrientationLandscapeRight";
				LD_RUNPATH_SEARCH_PATHS = (
					"$(inherited)",
					"@executable_path/Frameworks",
				);
				MARKETING_VERSION = 1.0;
				PRODUCT_BUNDLE_IDENTIFIER = com.salesforce.loyalty.mobile.LoyaltyStarter;
				PRODUCT_NAME = "$(TARGET_NAME)";
				SWIFT_EMIT_LOC_STRINGS = YES;
				SWIFT_VERSION = 5.0;
				TARGETED_DEVICE_FAMILY = "1,2";
			};
			name = Release;
		};
/* End XCBuildConfiguration section */

/* Begin XCConfigurationList section */
		216F217628B6141E00DAA66D /* Build configuration list for PBXProject "LoyaltyStarter" */ = {
			isa = XCConfigurationList;
			buildConfigurations = (
				216F218728B6141F00DAA66D /* Debug */,
				216F218828B6141F00DAA66D /* Release */,
			);
			defaultConfigurationIsVisible = 0;
			defaultConfigurationName = Release;
		};
		216F218928B6141F00DAA66D /* Build configuration list for PBXNativeTarget "LoyaltyStarter" */ = {
			isa = XCConfigurationList;
			buildConfigurations = (
				216F218A28B6141F00DAA66D /* Debug */,
				216F218B28B6141F00DAA66D /* Release */,
			);
			defaultConfigurationIsVisible = 0;
			defaultConfigurationName = Release;
		};
/* End XCConfigurationList section */

/* Begin XCRemoteSwiftPackageReference section */
		216F219028B6182D00DAA66D /* XCRemoteSwiftPackageReference "firebase-ios-sdk" */ = {
			isa = XCRemoteSwiftPackageReference;
			repositoryURL = "https://github.com/firebase/firebase-ios-sdk";
			requirement = {
				branch = master;
				kind = branch;
			};
		};
		2944F87C28B98B890098ED1B /* XCRemoteSwiftPackageReference "SwiftlySalesforce" */ = {
			isa = XCRemoteSwiftPackageReference;
			repositoryURL = "https://github.com/mike4aday/SwiftlySalesforce";
			requirement = {
				branch = master;
				kind = branch;
			};
		};
/* End XCRemoteSwiftPackageReference section */

/* Begin XCSwiftPackageProductDependency section */
		216F219128B6182D00DAA66D /* FirebaseAuth */ = {
			isa = XCSwiftPackageProductDependency;
			package = 216F219028B6182D00DAA66D /* XCRemoteSwiftPackageReference "firebase-ios-sdk" */;
			productName = FirebaseAuth;
		};
		2944F87D28B98B890098ED1B /* SwiftlySalesforce */ = {
			isa = XCSwiftPackageProductDependency;
			package = 2944F87C28B98B890098ED1B /* XCRemoteSwiftPackageReference "SwiftlySalesforce" */;
			productName = SwiftlySalesforce;
		};
/* End XCSwiftPackageProductDependency section */
	};
	rootObject = 216F217328B6141E00DAA66D /* Project object */;
}
