// !$*UTF8*$!
{
	archiveVersion = 1;
	classes = {
	};
	objectVersion = 52;
	objects = {

/* Begin PBXBuildFile section */
		1BF7720DA08F3045CA4CF1CE /* Pods_LoyaltyWithSFMobileSDK.framework in Frameworks */ = {isa = PBXBuildFile; fileRef = 79CF815ABF10AE7F4E2F8708 /* Pods_LoyaltyWithSFMobileSDK.framework */; };
		2941A24928BEB579005026CF /* BottomNavTabsView.swift in Sources */ = {isa = PBXBuildFile; fileRef = 2941A24828BEB579005026CF /* BottomNavTabsView.swift */; };
		2941A24B28BEB5B7005026CF /* HomeView.swift in Sources */ = {isa = PBXBuildFile; fileRef = 2941A24A28BEB5B7005026CF /* HomeView.swift */; };
		2941A24D28BEB656005026CF /* AppRootView.swift in Sources */ = {isa = PBXBuildFile; fileRef = 2941A24C28BEB656005026CF /* AppRootView.swift */; };
		2941A24F28BEB808005026CF /* RewardsView.swift in Sources */ = {isa = PBXBuildFile; fileRef = 2941A24E28BEB808005026CF /* RewardsView.swift */; };
		2941A25128BEB867005026CF /* RedeemView.swift in Sources */ = {isa = PBXBuildFile; fileRef = 2941A25028BEB867005026CF /* RedeemView.swift */; };
		2941A25328BEB88C005026CF /* ProfileView.swift in Sources */ = {isa = PBXBuildFile; fileRef = 2941A25228BEB88C005026CF /* ProfileView.swift */; };
		2941A25528BEB8BF005026CF /* FavoriteView.swift in Sources */ = {isa = PBXBuildFile; fileRef = 2941A25428BEB8BF005026CF /* FavoriteView.swift */; };
		2941A25728BEB8DA005026CF /* BenefitView.swift in Sources */ = {isa = PBXBuildFile; fileRef = 2941A25628BEB8DA005026CF /* BenefitView.swift */; };
		2941A25928BEB9FF005026CF /* BenefitModel.swift in Sources */ = {isa = PBXBuildFile; fileRef = 2941A25828BEB9FF005026CF /* BenefitModel.swift */; };
		2941A25B28BEBAD8005026CF /* BenefitViewModel.swift in Sources */ = {isa = PBXBuildFile; fileRef = 2941A25A28BEBAD8005026CF /* BenefitViewModel.swift */; };
		2941A25E28BEC696005026CF /* Color.swift in Sources */ = {isa = PBXBuildFile; fileRef = 2941A25D28BEC696005026CF /* Color.swift */; };
		2941A26028BEDF67005026CF /* AppConstants.swift in Sources */ = {isa = PBXBuildFile; fileRef = 2941A25F28BEDF67005026CF /* AppConstants.swift */; };
		2941A26228BEE409005026CF /* GoogleService-Info.plist in Resources */ = {isa = PBXBuildFile; fileRef = 2941A26128BEE409005026CF /* GoogleService-Info.plist */; };
		2941A26528BEE4FD005026CF /* FirebaseAuth in Frameworks */ = {isa = PBXBuildFile; productRef = 2941A26428BEE4FD005026CF /* FirebaseAuth */; };
		2941A26728BEE6D4005026CF /* AppViewRouter.swift in Sources */ = {isa = PBXBuildFile; fileRef = 2941A26628BEE6D4005026CF /* AppViewRouter.swift */; };
		2941A26928BEE71C005026CF /* SignUpView.swift in Sources */ = {isa = PBXBuildFile; fileRef = 2941A26828BEE71C005026CF /* SignUpView.swift */; };
		2941A26B28BEE73C005026CF /* SignInView.swift in Sources */ = {isa = PBXBuildFile; fileRef = 2941A26A28BEE73C005026CF /* SignInView.swift */; };
		2941A26D28BEEC17005026CF /* LoyaltyStarterApp.swift in Sources */ = {isa = PBXBuildFile; fileRef = 2941A26C28BEEC16005026CF /* LoyaltyStarterApp.swift */; };
		4F13E942237DD5EE005BCAE9 /* usersyncs.json in Resources */ = {isa = PBXBuildFile; fileRef = 4F13E940237DD5EE005BCAE9 /* usersyncs.json */; };
		4F13E943237DD5EE005BCAE9 /* userstore.json in Resources */ = {isa = PBXBuildFile; fileRef = 4F13E941237DD5EE005BCAE9 /* userstore.json */; };
		4F393A291C3C8BCD00B3EA13 /* main.swift in Sources */ = {isa = PBXBuildFile; fileRef = 4F393A281C3C8BCD00B3EA13 /* main.swift */; };
		4FD6C47A1B754AF1002F9F90 /* AppDelegate.swift in Sources */ = {isa = PBXBuildFile; fileRef = 4FD6C4791B754AF1002F9F90 /* AppDelegate.swift */; };
		4FD6C4A01B755242002F9F90 /* InitialViewController.swift in Sources */ = {isa = PBXBuildFile; fileRef = 4FD6C49D1B755242002F9F90 /* InitialViewController.swift */; };
		B7168FBC1FACC6F900A48DB5 /* LaunchScreen.storyboard in Resources */ = {isa = PBXBuildFile; fileRef = B7168FBB1FACC6F900A48DB5 /* LaunchScreen.storyboard */; };
		B73B520D234FA65F001B069B /* SceneDelegate.swift in Sources */ = {isa = PBXBuildFile; fileRef = B73B520C234FA65F001B069B /* SceneDelegate.swift */; };
		B77BD8A321125B510036B284 /* bootconfig.plist in Resources */ = {isa = PBXBuildFile; fileRef = B77BD8A221125B510036B284 /* bootconfig.plist */; };
		CEA8CA041F071B2300448B51 /* Images.xcassets in Resources */ = {isa = PBXBuildFile; fileRef = CEA8CA031F071B2300448B51 /* Images.xcassets */; };
/* End PBXBuildFile section */

/* Begin PBXFileReference section */
		120F938558255116FF1CEEB9 /* Pods-LoyaltyWithSFMobileSDK.release.xcconfig */ = {isa = PBXFileReference; includeInIndex = 1; lastKnownFileType = text.xcconfig; name = "Pods-LoyaltyWithSFMobileSDK.release.xcconfig"; path = "Target Support Files/Pods-LoyaltyWithSFMobileSDK/Pods-LoyaltyWithSFMobileSDK.release.xcconfig"; sourceTree = "<group>"; };
		2941A24828BEB579005026CF /* BottomNavTabsView.swift */ = {isa = PBXFileReference; lastKnownFileType = sourcecode.swift; path = BottomNavTabsView.swift; sourceTree = "<group>"; };
		2941A24A28BEB5B7005026CF /* HomeView.swift */ = {isa = PBXFileReference; lastKnownFileType = sourcecode.swift; path = HomeView.swift; sourceTree = "<group>"; };
		2941A24C28BEB656005026CF /* AppRootView.swift */ = {isa = PBXFileReference; lastKnownFileType = sourcecode.swift; path = AppRootView.swift; sourceTree = "<group>"; };
		2941A24E28BEB808005026CF /* RewardsView.swift */ = {isa = PBXFileReference; lastKnownFileType = sourcecode.swift; path = RewardsView.swift; sourceTree = "<group>"; };
		2941A25028BEB867005026CF /* RedeemView.swift */ = {isa = PBXFileReference; lastKnownFileType = sourcecode.swift; path = RedeemView.swift; sourceTree = "<group>"; };
		2941A25228BEB88C005026CF /* ProfileView.swift */ = {isa = PBXFileReference; lastKnownFileType = sourcecode.swift; path = ProfileView.swift; sourceTree = "<group>"; };
		2941A25428BEB8BF005026CF /* FavoriteView.swift */ = {isa = PBXFileReference; lastKnownFileType = sourcecode.swift; path = FavoriteView.swift; sourceTree = "<group>"; };
		2941A25628BEB8DA005026CF /* BenefitView.swift */ = {isa = PBXFileReference; lastKnownFileType = sourcecode.swift; path = BenefitView.swift; sourceTree = "<group>"; };
		2941A25828BEB9FF005026CF /* BenefitModel.swift */ = {isa = PBXFileReference; lastKnownFileType = sourcecode.swift; path = BenefitModel.swift; sourceTree = "<group>"; };
		2941A25A28BEBAD8005026CF /* BenefitViewModel.swift */ = {isa = PBXFileReference; lastKnownFileType = sourcecode.swift; path = BenefitViewModel.swift; sourceTree = "<group>"; };
		2941A25D28BEC696005026CF /* Color.swift */ = {isa = PBXFileReference; lastKnownFileType = sourcecode.swift; path = Color.swift; sourceTree = "<group>"; };
		2941A25F28BEDF67005026CF /* AppConstants.swift */ = {isa = PBXFileReference; lastKnownFileType = sourcecode.swift; path = AppConstants.swift; sourceTree = "<group>"; };
		2941A26128BEE409005026CF /* GoogleService-Info.plist */ = {isa = PBXFileReference; lastKnownFileType = text.plist; path = "GoogleService-Info.plist"; sourceTree = SOURCE_ROOT; };
		2941A26628BEE6D4005026CF /* AppViewRouter.swift */ = {isa = PBXFileReference; lastKnownFileType = sourcecode.swift; path = AppViewRouter.swift; sourceTree = "<group>"; };
		2941A26828BEE71C005026CF /* SignUpView.swift */ = {isa = PBXFileReference; lastKnownFileType = sourcecode.swift; path = SignUpView.swift; sourceTree = "<group>"; };
		2941A26A28BEE73C005026CF /* SignInView.swift */ = {isa = PBXFileReference; lastKnownFileType = sourcecode.swift; path = SignInView.swift; sourceTree = "<group>"; };
		2941A26C28BEEC16005026CF /* LoyaltyStarterApp.swift */ = {isa = PBXFileReference; lastKnownFileType = sourcecode.swift; path = LoyaltyStarterApp.swift; sourceTree = "<group>"; };
		4F13E940237DD5EE005BCAE9 /* usersyncs.json */ = {isa = PBXFileReference; fileEncoding = 4; lastKnownFileType = text.json; path = usersyncs.json; sourceTree = "<group>"; };
		4F13E941237DD5EE005BCAE9 /* userstore.json */ = {isa = PBXFileReference; fileEncoding = 4; lastKnownFileType = text.json; path = userstore.json; sourceTree = "<group>"; };
		4F393A281C3C8BCD00B3EA13 /* main.swift */ = {isa = PBXFileReference; fileEncoding = 4; lastKnownFileType = sourcecode.swift; path = main.swift; sourceTree = "<group>"; };
		4FD6C4741B754AF1002F9F90 /* LoyaltyWithSFMobileSDK.app */ = {isa = PBXFileReference; explicitFileType = wrapper.application; includeInIndex = 0; path = LoyaltyWithSFMobileSDK.app; sourceTree = BUILT_PRODUCTS_DIR; };
		4FD6C4781B754AF1002F9F90 /* Info.plist */ = {isa = PBXFileReference; lastKnownFileType = text.plist.xml; path = Info.plist; sourceTree = "<group>"; };
		4FD6C4791B754AF1002F9F90 /* AppDelegate.swift */ = {isa = PBXFileReference; lastKnownFileType = sourcecode.swift; path = AppDelegate.swift; sourceTree = "<group>"; };
		4FD6C49D1B755242002F9F90 /* InitialViewController.swift */ = {isa = PBXFileReference; fileEncoding = 4; lastKnownFileType = sourcecode.swift; path = InitialViewController.swift; sourceTree = "<group>"; };
		4FF12F8A1DCA91F5004D9EF9 /* LoyaltyWithSFMobileSDK.entitlements */ = {isa = PBXFileReference; lastKnownFileType = text.plist.entitlements; path = LoyaltyWithSFMobileSDK.entitlements; sourceTree = "<group>"; };
		752EC45FF3B157F56A093159 /* Pods-LoyaltyWithSFMobileSDK.debug.xcconfig */ = {isa = PBXFileReference; includeInIndex = 1; lastKnownFileType = text.xcconfig; name = "Pods-LoyaltyWithSFMobileSDK.debug.xcconfig"; path = "Target Support Files/Pods-LoyaltyWithSFMobileSDK/Pods-LoyaltyWithSFMobileSDK.debug.xcconfig"; sourceTree = "<group>"; };
		79CF815ABF10AE7F4E2F8708 /* Pods_LoyaltyWithSFMobileSDK.framework */ = {isa = PBXFileReference; explicitFileType = wrapper.framework; includeInIndex = 0; path = Pods_LoyaltyWithSFMobileSDK.framework; sourceTree = BUILT_PRODUCTS_DIR; };
		B7168FBB1FACC6F900A48DB5 /* LaunchScreen.storyboard */ = {isa = PBXFileReference; fileEncoding = 4; lastKnownFileType = file.storyboard; name = LaunchScreen.storyboard; path = "../mobile_sdk/SalesforceMobileSDK-iOS/shared/resources/LaunchScreen.storyboard"; sourceTree = "<group>"; };
		B73B520C234FA65F001B069B /* SceneDelegate.swift */ = {isa = PBXFileReference; lastKnownFileType = sourcecode.swift; path = SceneDelegate.swift; sourceTree = "<group>"; };
		B77BD8A221125B510036B284 /* bootconfig.plist */ = {isa = PBXFileReference; fileEncoding = 4; lastKnownFileType = text.plist.xml; path = bootconfig.plist; sourceTree = "<group>"; };
		CEA8CA031F071B2300448B51 /* Images.xcassets */ = {isa = PBXFileReference; lastKnownFileType = folder.assetcatalog; name = Images.xcassets; path = "mobile_sdk/SalesforceMobileSDK-iOS/shared/resources/Images.xcassets"; sourceTree = SOURCE_ROOT; };
/* End PBXFileReference section */

/* Begin PBXFrameworksBuildPhase section */
		4FD6C4711B754AF1002F9F90 /* Frameworks */ = {
			isa = PBXFrameworksBuildPhase;
			buildActionMask = 2147483647;
			files = (
				1BF7720DA08F3045CA4CF1CE /* Pods_LoyaltyWithSFMobileSDK.framework in Frameworks */,
				2941A26528BEE4FD005026CF /* FirebaseAuth in Frameworks */,
			);
			runOnlyForDeploymentPostprocessing = 0;
		};
/* End PBXFrameworksBuildPhase section */

/* Begin PBXGroup section */
		0C63A3F753A88DC0F3B274C0 /* Frameworks */ = {
			isa = PBXGroup;
			children = (
				79CF815ABF10AE7F4E2F8708 /* Pods_LoyaltyWithSFMobileSDK.framework */,
			);
			name = Frameworks;
			sourceTree = "<group>";
		};
		1A21A6247081BA3FCFF16F6F /* Pods */ = {
			isa = PBXGroup;
			children = (
				752EC45FF3B157F56A093159 /* Pods-LoyaltyWithSFMobileSDK.debug.xcconfig */,
				120F938558255116FF1CEEB9 /* Pods-LoyaltyWithSFMobileSDK.release.xcconfig */,
			);
			path = Pods;
			sourceTree = "<group>";
		};
		2941A24528BEB4FC005026CF /* Views */ = {
			isa = PBXGroup;
			children = (
				2941A24C28BEB656005026CF /* AppRootView.swift */,
				2941A24828BEB579005026CF /* BottomNavTabsView.swift */,
				2941A24A28BEB5B7005026CF /* HomeView.swift */,
				2941A24E28BEB808005026CF /* RewardsView.swift */,
				2941A25028BEB867005026CF /* RedeemView.swift */,
				2941A25228BEB88C005026CF /* ProfileView.swift */,
				2941A25428BEB8BF005026CF /* FavoriteView.swift */,
				2941A25628BEB8DA005026CF /* BenefitView.swift */,
				2941A26828BEE71C005026CF /* SignUpView.swift */,
				2941A26A28BEE73C005026CF /* SignInView.swift */,
			);
			name = Views;
			sourceTree = "<group>";
		};
		2941A24628BEB507005026CF /* ViewModels */ = {
			isa = PBXGroup;
			children = (
				2941A25A28BEBAD8005026CF /* BenefitViewModel.swift */,
			);
			name = ViewModels;
			sourceTree = "<group>";
		};
		2941A24728BEB510005026CF /* Models */ = {
			isa = PBXGroup;
			children = (
				2941A25828BEB9FF005026CF /* BenefitModel.swift */,
			);
			name = Models;
			sourceTree = "<group>";
		};
		2941A25C28BEC5C2005026CF /* Extensions */ = {
			isa = PBXGroup;
			children = (
				2941A25D28BEC696005026CF /* Color.swift */,
			);
			name = Extensions;
			sourceTree = "<group>";
		};
		4FD6C46B1B754AF1002F9F90 = {
			isa = PBXGroup;
			children = (
				4FD6C4761B754AF1002F9F90 /* LoyaltyWithSFMobileSDK */,
				4FD6C4751B754AF1002F9F90 /* Products */,
				1A21A6247081BA3FCFF16F6F /* Pods */,
				0C63A3F753A88DC0F3B274C0 /* Frameworks */,
			);
			sourceTree = "<group>";
		};
		4FD6C4751B754AF1002F9F90 /* Products */ = {
			isa = PBXGroup;
			children = (
				4FD6C4741B754AF1002F9F90 /* LoyaltyWithSFMobileSDK.app */,
			);
			name = Products;
			sourceTree = "<group>";
		};
		4FD6C4761B754AF1002F9F90 /* LoyaltyWithSFMobileSDK */ = {
			isa = PBXGroup;
			children = (
				2941A26128BEE409005026CF /* GoogleService-Info.plist */,
				4FF12F8A1DCA91F5004D9EF9 /* LoyaltyWithSFMobileSDK.entitlements */,
				4FD6C4A11B755265002F9F90 /* Classes */,
				4FD6C4771B754AF1002F9F90 /* Supporting Files */,
			);
			path = LoyaltyWithSFMobileSDK;
			sourceTree = "<group>";
		};
		4FD6C4771B754AF1002F9F90 /* Supporting Files */ = {
			isa = PBXGroup;
			children = (
				4F13E941237DD5EE005BCAE9 /* userstore.json */,
				4F13E940237DD5EE005BCAE9 /* usersyncs.json */,
				B77BD8A221125B510036B284 /* bootconfig.plist */,
				B7168FBB1FACC6F900A48DB5 /* LaunchScreen.storyboard */,
				CEA8CA031F071B2300448B51 /* Images.xcassets */,
				4FD6C4781B754AF1002F9F90 /* Info.plist */,
			);
			name = "Supporting Files";
			sourceTree = "<group>";
		};
		4FD6C4A11B755265002F9F90 /* Classes */ = {
			isa = PBXGroup;
			children = (
				2941A25C28BEC5C2005026CF /* Extensions */,
				2941A24728BEB510005026CF /* Models */,
				2941A24628BEB507005026CF /* ViewModels */,
				2941A24528BEB4FC005026CF /* Views */,
				B73B520C234FA65F001B069B /* SceneDelegate.swift */,
				4FD6C49D1B755242002F9F90 /* InitialViewController.swift */,
				4FD6C4791B754AF1002F9F90 /* AppDelegate.swift */,
				4F393A281C3C8BCD00B3EA13 /* main.swift */,
				2941A25F28BEDF67005026CF /* AppConstants.swift */,
				2941A26628BEE6D4005026CF /* AppViewRouter.swift */,
				2941A26C28BEEC16005026CF /* LoyaltyStarterApp.swift */,
			);
			name = Classes;
			sourceTree = "<group>";
		};
/* End PBXGroup section */

/* Begin PBXNativeTarget section */
		4FD6C4731B754AF1002F9F90 /* LoyaltyWithSFMobileSDK */ = {
			isa = PBXNativeTarget;
			buildConfigurationList = 4FD6C4931B754AF1002F9F90 /* Build configuration list for PBXNativeTarget "LoyaltyWithSFMobileSDK" */;
			buildPhases = (
				45FF32C74BC40D8E8B90FEC5 /* [CP] Check Pods Manifest.lock */,
				4FD6C4701B754AF1002F9F90 /* Sources */,
				4FD6C4711B754AF1002F9F90 /* Frameworks */,
				4FD6C4721B754AF1002F9F90 /* Resources */,
				006BCE0D0D25A7B08F7B5C95 /* [CP] Embed Pods Frameworks */,
			);
			buildRules = (
			);
			dependencies = (
			);
			name = LoyaltyWithSFMobileSDK;
			packageProductDependencies = (
				2941A26428BEE4FD005026CF /* FirebaseAuth */,
			);
			productName = LoyaltyWithSFMobileSDK;
			productReference = 4FD6C4741B754AF1002F9F90 /* LoyaltyWithSFMobileSDK.app */;
			productType = "com.apple.product-type.application";
		};
/* End PBXNativeTarget section */

/* Begin PBXProject section */
		4FD6C46C1B754AF1002F9F90 /* Project object */ = {
			isa = PBXProject;
			attributes = {
				LastSwiftUpdateCheck = 0710;
				LastUpgradeCheck = 0940;
				ORGANIZATIONNAME = LoyaltyWithSFMobileSDKOrganizationName;
				TargetAttributes = {
					4FD6C4731B754AF1002F9F90 = {
						CreatedOnToolsVersion = 6.4;
						LastSwiftMigration = 1020;
						SystemCapabilities = {
							com.apple.Keychain = {
								enabled = 1;
							};
						};
					};
				};
			};
			buildConfigurationList = 4FD6C46F1B754AF1002F9F90 /* Build configuration list for PBXProject "LoyaltyWithSFMobileSDK" */;
			compatibilityVersion = "Xcode 10.0";
			developmentRegion = en;
			hasScannedForEncodings = 0;
			knownRegions = (
				en,
				Base,
			);
			mainGroup = 4FD6C46B1B754AF1002F9F90;
			packageReferences = (
				2941A26328BEE4FD005026CF /* XCRemoteSwiftPackageReference "firebase-ios-sdk" */,
			);
			productRefGroup = 4FD6C4751B754AF1002F9F90 /* Products */;
			projectDirPath = "";
			projectRoot = "";
			targets = (
				4FD6C4731B754AF1002F9F90 /* LoyaltyWithSFMobileSDK */,
			);
		};
/* End PBXProject section */

/* Begin PBXResourcesBuildPhase section */
		4FD6C4721B754AF1002F9F90 /* Resources */ = {
			isa = PBXResourcesBuildPhase;
			buildActionMask = 2147483647;
			files = (
				4F13E943237DD5EE005BCAE9 /* userstore.json in Resources */,
				B77BD8A321125B510036B284 /* bootconfig.plist in Resources */,
				4F13E942237DD5EE005BCAE9 /* usersyncs.json in Resources */,
				CEA8CA041F071B2300448B51 /* Images.xcassets in Resources */,
				B7168FBC1FACC6F900A48DB5 /* LaunchScreen.storyboard in Resources */,
				2941A26228BEE409005026CF /* GoogleService-Info.plist in Resources */,
			);
			runOnlyForDeploymentPostprocessing = 0;
		};
/* End PBXResourcesBuildPhase section */

/* Begin PBXShellScriptBuildPhase section */
		006BCE0D0D25A7B08F7B5C95 /* [CP] Embed Pods Frameworks */ = {
			isa = PBXShellScriptBuildPhase;
			buildActionMask = 2147483647;
			files = (
			);
			inputFileListPaths = (
				"${PODS_ROOT}/Target Support Files/Pods-LoyaltyWithSFMobileSDK/Pods-LoyaltyWithSFMobileSDK-frameworks-${CONFIGURATION}-input-files.xcfilelist",
			);
			name = "[CP] Embed Pods Frameworks";
			outputFileListPaths = (
				"${PODS_ROOT}/Target Support Files/Pods-LoyaltyWithSFMobileSDK/Pods-LoyaltyWithSFMobileSDK-frameworks-${CONFIGURATION}-output-files.xcfilelist",
			);
			runOnlyForDeploymentPostprocessing = 0;
			shellPath = /bin/sh;
			shellScript = "\"${PODS_ROOT}/Target Support Files/Pods-LoyaltyWithSFMobileSDK/Pods-LoyaltyWithSFMobileSDK-frameworks.sh\"\n";
			showEnvVarsInLog = 0;
		};
		45FF32C74BC40D8E8B90FEC5 /* [CP] Check Pods Manifest.lock */ = {
			isa = PBXShellScriptBuildPhase;
			buildActionMask = 2147483647;
			files = (
			);
			inputFileListPaths = (
			);
			inputPaths = (
				"${PODS_PODFILE_DIR_PATH}/Podfile.lock",
				"${PODS_ROOT}/Manifest.lock",
			);
			name = "[CP] Check Pods Manifest.lock";
			outputFileListPaths = (
			);
			outputPaths = (
				"$(DERIVED_FILE_DIR)/Pods-LoyaltyWithSFMobileSDK-checkManifestLockResult.txt",
			);
			runOnlyForDeploymentPostprocessing = 0;
			shellPath = /bin/sh;
			shellScript = "diff \"${PODS_PODFILE_DIR_PATH}/Podfile.lock\" \"${PODS_ROOT}/Manifest.lock\" > /dev/null\nif [ $? != 0 ] ; then\n    # print error to STDERR\n    echo \"error: The sandbox is not in sync with the Podfile.lock. Run 'pod install' or update your CocoaPods installation.\" >&2\n    exit 1\nfi\n# This output is used by Xcode 'outputs' to avoid re-running this script phase.\necho \"SUCCESS\" > \"${SCRIPT_OUTPUT_FILE_0}\"\n";
			showEnvVarsInLog = 0;
		};
/* End PBXShellScriptBuildPhase section */

/* Begin PBXSourcesBuildPhase section */
		4FD6C4701B754AF1002F9F90 /* Sources */ = {
			isa = PBXSourcesBuildPhase;
			buildActionMask = 2147483647;
			files = (
				B73B520D234FA65F001B069B /* SceneDelegate.swift in Sources */,
				2941A24F28BEB808005026CF /* RewardsView.swift in Sources */,
				2941A25E28BEC696005026CF /* Color.swift in Sources */,
				2941A26028BEDF67005026CF /* AppConstants.swift in Sources */,
				2941A26928BEE71C005026CF /* SignUpView.swift in Sources */,
				4FD6C47A1B754AF1002F9F90 /* AppDelegate.swift in Sources */,
				2941A25128BEB867005026CF /* RedeemView.swift in Sources */,
				2941A25728BEB8DA005026CF /* BenefitView.swift in Sources */,
				2941A26B28BEE73C005026CF /* SignInView.swift in Sources */,
				2941A25B28BEBAD8005026CF /* BenefitViewModel.swift in Sources */,
				2941A26728BEE6D4005026CF /* AppViewRouter.swift in Sources */,
				2941A25328BEB88C005026CF /* ProfileView.swift in Sources */,
				2941A26D28BEEC17005026CF /* LoyaltyStarterApp.swift in Sources */,
				2941A25928BEB9FF005026CF /* BenefitModel.swift in Sources */,
				2941A24928BEB579005026CF /* BottomNavTabsView.swift in Sources */,
				2941A24D28BEB656005026CF /* AppRootView.swift in Sources */,
				2941A25528BEB8BF005026CF /* FavoriteView.swift in Sources */,
				2941A24B28BEB5B7005026CF /* HomeView.swift in Sources */,
				4F393A291C3C8BCD00B3EA13 /* main.swift in Sources */,
				4FD6C4A01B755242002F9F90 /* InitialViewController.swift in Sources */,
			);
			runOnlyForDeploymentPostprocessing = 0;
		};
/* End PBXSourcesBuildPhase section */

/* Begin XCBuildConfiguration section */
		4FD6C4911B754AF1002F9F90 /* Debug */ = {
			isa = XCBuildConfiguration;
			buildSettings = {
				ALWAYS_SEARCH_USER_PATHS = NO;
				CLANG_CXX_LANGUAGE_STANDARD = "gnu++0x";
				CLANG_CXX_LIBRARY = "libc++";
				CLANG_ENABLE_MODULES = YES;
				CLANG_ENABLE_OBJC_ARC = YES;
				CLANG_WARN_BLOCK_CAPTURE_AUTORELEASING = YES;
				CLANG_WARN_BOOL_CONVERSION = YES;
				CLANG_WARN_COMMA = YES;
				CLANG_WARN_CONSTANT_CONVERSION = YES;
				CLANG_WARN_DEPRECATED_OBJC_IMPLEMENTATIONS = YES;
				CLANG_WARN_DIRECT_OBJC_ISA_USAGE = YES_ERROR;
				CLANG_WARN_EMPTY_BODY = YES;
				CLANG_WARN_ENUM_CONVERSION = YES;
				CLANG_WARN_INFINITE_RECURSION = YES;
				CLANG_WARN_INT_CONVERSION = YES;
				CLANG_WARN_NON_LITERAL_NULL_CONVERSION = YES;
				CLANG_WARN_OBJC_IMPLICIT_RETAIN_SELF = YES;
				CLANG_WARN_OBJC_LITERAL_CONVERSION = YES;
				CLANG_WARN_OBJC_ROOT_CLASS = YES_ERROR;
				CLANG_WARN_RANGE_LOOP_ANALYSIS = YES;
				CLANG_WARN_STRICT_PROTOTYPES = YES;
				CLANG_WARN_SUSPICIOUS_MOVE = YES;
				CLANG_WARN_UNREACHABLE_CODE = YES;
				CLANG_WARN__DUPLICATE_METHOD_MATCH = YES;
				"CODE_SIGN_IDENTITY[sdk=iphoneos*]" = "iPhone Developer";
				COPY_PHASE_STRIP = NO;
				DEBUG_INFORMATION_FORMAT = "dwarf-with-dsym";
				ENABLE_STRICT_OBJC_MSGSEND = YES;
				ENABLE_TESTABILITY = YES;
				GCC_C_LANGUAGE_STANDARD = gnu99;
				GCC_DYNAMIC_NO_PIC = NO;
				GCC_NO_COMMON_BLOCKS = YES;
				GCC_OPTIMIZATION_LEVEL = 0;
				GCC_PREPROCESSOR_DEFINITIONS = (
					"DEBUG=1",
					"$(inherited)",
				);
				GCC_SYMBOLS_PRIVATE_EXTERN = NO;
				GCC_WARN_64_TO_32_BIT_CONVERSION = YES;
				GCC_WARN_ABOUT_RETURN_TYPE = YES_ERROR;
				GCC_WARN_UNDECLARED_SELECTOR = YES;
				GCC_WARN_UNINITIALIZED_AUTOS = YES_AGGRESSIVE;
				GCC_WARN_UNUSED_FUNCTION = YES;
				GCC_WARN_UNUSED_VARIABLE = YES;
				IPHONEOS_DEPLOYMENT_TARGET = 15.0;
				MTL_ENABLE_DEBUG_INFO = YES;
				ONLY_ACTIVE_ARCH = YES;
				SDKROOT = iphoneos;
				SWIFT_OPTIMIZATION_LEVEL = "-Onone";
				SWIFT_SWIFT3_OBJC_INFERENCE = Default;
				TARGETED_DEVICE_FAMILY = "1,2";
			};
			name = Debug;
		};
		4FD6C4921B754AF1002F9F90 /* Release */ = {
			isa = XCBuildConfiguration;
			buildSettings = {
				ALWAYS_SEARCH_USER_PATHS = NO;
				CLANG_CXX_LANGUAGE_STANDARD = "gnu++0x";
				CLANG_CXX_LIBRARY = "libc++";
				CLANG_ENABLE_MODULES = YES;
				CLANG_ENABLE_OBJC_ARC = YES;
				CLANG_WARN_BLOCK_CAPTURE_AUTORELEASING = YES;
				CLANG_WARN_BOOL_CONVERSION = YES;
				CLANG_WARN_COMMA = YES;
				CLANG_WARN_CONSTANT_CONVERSION = YES;
				CLANG_WARN_DEPRECATED_OBJC_IMPLEMENTATIONS = YES;
				CLANG_WARN_DIRECT_OBJC_ISA_USAGE = YES_ERROR;
				CLANG_WARN_EMPTY_BODY = YES;
				CLANG_WARN_ENUM_CONVERSION = YES;
				CLANG_WARN_INFINITE_RECURSION = YES;
				CLANG_WARN_INT_CONVERSION = YES;
				CLANG_WARN_NON_LITERAL_NULL_CONVERSION = YES;
				CLANG_WARN_OBJC_IMPLICIT_RETAIN_SELF = YES;
				CLANG_WARN_OBJC_LITERAL_CONVERSION = YES;
				CLANG_WARN_OBJC_ROOT_CLASS = YES_ERROR;
				CLANG_WARN_RANGE_LOOP_ANALYSIS = YES;
				CLANG_WARN_STRICT_PROTOTYPES = YES;
				CLANG_WARN_SUSPICIOUS_MOVE = YES;
				CLANG_WARN_UNREACHABLE_CODE = YES;
				CLANG_WARN__DUPLICATE_METHOD_MATCH = YES;
				"CODE_SIGN_IDENTITY[sdk=iphoneos*]" = "iPhone Developer";
				COPY_PHASE_STRIP = NO;
				DEBUG_INFORMATION_FORMAT = "dwarf-with-dsym";
				ENABLE_NS_ASSERTIONS = NO;
				ENABLE_STRICT_OBJC_MSGSEND = YES;
				GCC_C_LANGUAGE_STANDARD = gnu99;
				GCC_NO_COMMON_BLOCKS = YES;
				GCC_WARN_64_TO_32_BIT_CONVERSION = YES;
				GCC_WARN_ABOUT_RETURN_TYPE = YES_ERROR;
				GCC_WARN_UNDECLARED_SELECTOR = YES;
				GCC_WARN_UNINITIALIZED_AUTOS = YES_AGGRESSIVE;
				GCC_WARN_UNUSED_FUNCTION = YES;
				GCC_WARN_UNUSED_VARIABLE = YES;
				IPHONEOS_DEPLOYMENT_TARGET = 15.0;
				MTL_ENABLE_DEBUG_INFO = NO;
				SDKROOT = iphoneos;
				SWIFT_COMPILATION_MODE = wholemodule;
				SWIFT_OPTIMIZATION_LEVEL = "-O";
				SWIFT_SWIFT3_OBJC_INFERENCE = Default;
				TARGETED_DEVICE_FAMILY = "1,2";
				VALIDATE_PRODUCT = YES;
			};
			name = Release;
		};
		4FD6C4941B754AF1002F9F90 /* Debug */ = {
			isa = XCBuildConfiguration;
			baseConfigurationReference = 752EC45FF3B157F56A093159 /* Pods-LoyaltyWithSFMobileSDK.debug.xcconfig */;
			buildSettings = {
				ASSETCATALOG_COMPILER_APPICON_NAME = AppIcon;
				CODE_SIGN_ENTITLEMENTS = LoyaltyWithSFMobileSDK/LoyaltyWithSFMobileSDK.entitlements;
				INFOPLIST_FILE = LoyaltyWithSFMobileSDK/Info.plist;
				IPHONEOS_DEPLOYMENT_TARGET = 15.0;
				LD_RUNPATH_SEARCH_PATHS = (
					"$(inherited)",
					"@executable_path/Frameworks",
				);
				OTHER_SWIFT_FLAGS = "-DSIGNPOST_ENABLED";
				PRODUCT_BUNDLE_IDENTIFIER = "com.salesforce.${PRODUCT_NAME:rfc1034identifier}";
				PRODUCT_NAME = "$(TARGET_NAME)";
				SWIFT_OBJC_BRIDGING_HEADER = "LoyaltyWithSFMobileSDK/Bridging-Header.h";
				SWIFT_VERSION = 5.0;
			};
			name = Debug;
		};
		4FD6C4951B754AF1002F9F90 /* Release */ = {
			isa = XCBuildConfiguration;
			baseConfigurationReference = 120F938558255116FF1CEEB9 /* Pods-LoyaltyWithSFMobileSDK.release.xcconfig */;
			buildSettings = {
				ASSETCATALOG_COMPILER_APPICON_NAME = AppIcon;
				CODE_SIGN_ENTITLEMENTS = LoyaltyWithSFMobileSDK/LoyaltyWithSFMobileSDK.entitlements;
				INFOPLIST_FILE = LoyaltyWithSFMobileSDK/Info.plist;
				IPHONEOS_DEPLOYMENT_TARGET = 15.0;
				LD_RUNPATH_SEARCH_PATHS = (
					"$(inherited)",
					"@executable_path/Frameworks",
				);
				PRODUCT_BUNDLE_IDENTIFIER = "com.salesforce.${PRODUCT_NAME:rfc1034identifier}";
				PRODUCT_NAME = "$(TARGET_NAME)";
				SWIFT_OBJC_BRIDGING_HEADER = "LoyaltyWithSFMobileSDK/Bridging-Header.h";
				SWIFT_VERSION = 5.0;
			};
			name = Release;
		};
/* End XCBuildConfiguration section */

/* Begin XCConfigurationList section */
		4FD6C46F1B754AF1002F9F90 /* Build configuration list for PBXProject "LoyaltyWithSFMobileSDK" */ = {
			isa = XCConfigurationList;
			buildConfigurations = (
				4FD6C4911B754AF1002F9F90 /* Debug */,
				4FD6C4921B754AF1002F9F90 /* Release */,
			);
			defaultConfigurationIsVisible = 0;
			defaultConfigurationName = Release;
		};
		4FD6C4931B754AF1002F9F90 /* Build configuration list for PBXNativeTarget "LoyaltyWithSFMobileSDK" */ = {
			isa = XCConfigurationList;
			buildConfigurations = (
				4FD6C4941B754AF1002F9F90 /* Debug */,
				4FD6C4951B754AF1002F9F90 /* Release */,
			);
			defaultConfigurationIsVisible = 0;
			defaultConfigurationName = Release;
		};
/* End XCConfigurationList section */

/* Begin XCRemoteSwiftPackageReference section */
		2941A26328BEE4FD005026CF /* XCRemoteSwiftPackageReference "firebase-ios-sdk" */ = {
			isa = XCRemoteSwiftPackageReference;
			repositoryURL = "https://github.com/firebase/firebase-ios-sdk";
			requirement = {
				kind = upToNextMajorVersion;
				minimumVersion = 9.0.0;
			};
		};
/* End XCRemoteSwiftPackageReference section */

/* Begin XCSwiftPackageProductDependency section */
		2941A26428BEE4FD005026CF /* FirebaseAuth */ = {
			isa = XCSwiftPackageProductDependency;
			package = 2941A26328BEE4FD005026CF /* XCRemoteSwiftPackageReference "firebase-ios-sdk" */;
			productName = FirebaseAuth;
		};
/* End XCSwiftPackageProductDependency section */
	};
	rootObject = 4FD6C46C1B754AF1002F9F90 /* Project object */;
}
