{
  "pins" : [
    {
      "identity" : "gamificationmobilesdk-ios",
      "kind" : "remoteSourceControl",
      "location" : "git@github.com:loyaltysampleapp/GamificationMobileSDK-iOS.git",
      "state" : {
        "branch" : "enhancement/gamification_sdk_latest",
        "revision" : "a99879e0f684af09d91442ba7f430b0fe72b498a"
      }
    }
  ],
  "version" : 2
}
